
Microsoft Visual Studio Solution File, Format Version 12.00
# Visual Studio Version 17
VisualStudioVersion = 17.14.36202.13 d17.14
MinimumVisualStudioVersion = 10.0.40219.1
Project("{FAE04EC0-301F-11D3-BF4B-00C04F79EFBC}") = "PRN231_SU25_SE173362.api", "PRN231_SU25_SE173362.api\PRN231_SU25_SE173362.api.csproj", "{D595A82B-7FC7-4BEB-8931-696C1AE643BF}"
EndProject
Project("{FAE04EC0-301F-11D3-BF4B-00C04F79EFBC}") = "PRN231_SU25_SE173362.DAL", "PRN231_SU25_SE173362.DAL\PRN231_SU25_SE173362.DAL.csproj", "{18D724DC-9722-4E3D-9AAA-6AB85AAB95D8}"
EndProject
Project("{FAE04EC0-301F-11D3-BF4B-00C04F79EFBC}") = "PRN231_SU25_SE173362.BLL", "PRN231_SU25_SE173362.BLL\PRN231_SU25_SE173362.BLL.csproj", "{3A4727A6-3C8A-42AF-AD0F-45CD01F7D1F0}"
EndProject
Global
	GlobalSection(SolutionConfigurationPlatforms) = preSolution
		Debug|Any CPU = Debug|Any CPU
		Release|Any CPU = Release|Any CPU
	EndGlobalSection
	GlobalSection(ProjectConfigurationPlatforms) = postSolution
		{D595A82B-7FC7-4BEB-8931-696C1AE643BF}.Debug|Any CPU.ActiveCfg = Debug|Any CPU
		{D595A82B-7FC7-4BEB-8931-696C1AE643BF}.Debug|Any CPU.Build.0 = Debug|Any CPU
		{D595A82B-7FC7-4BEB-8931-696C1AE643BF}.Release|Any CPU.ActiveCfg = Release|Any CPU
		{D595A82B-7FC7-4BEB-8931-696C1AE643BF}.Release|Any CPU.Build.0 = Release|Any CPU
		{18D724DC-9722-4E3D-9AAA-6AB85AAB95D8}.Debug|Any CPU.ActiveCfg = Debug|Any CPU
		{18D724DC-9722-4E3D-9AAA-6AB85AAB95D8}.Debug|Any CPU.Build.0 = Debug|Any CPU
		{18D724DC-9722-4E3D-9AAA-6AB85AAB95D8}.Release|Any CPU.ActiveCfg = Release|Any CPU
		{18D724DC-9722-4E3D-9AAA-6AB85AAB95D8}.Release|Any CPU.Build.0 = Release|Any CPU
		{3A4727A6-3C8A-42AF-AD0F-45CD01F7D1F0}.Debug|Any CPU.ActiveCfg = Debug|Any CPU
		{3A4727A6-3C8A-42AF-AD0F-45CD01F7D1F0}.Debug|Any CPU.Build.0 = Debug|Any CPU
		{3A4727A6-3C8A-42AF-AD0F-45CD01F7D1F0}.Release|Any CPU.ActiveCfg = Release|Any CPU
		{3A4727A6-3C8A-42AF-AD0F-45CD01F7D1F0}.Release|Any CPU.Build.0 = Release|Any CPU
	EndGlobalSection
	GlobalSection(SolutionProperties) = preSolution
		HideSolutionNode = FALSE
	EndGlobalSection
	GlobalSection(ExtensibilityGlobals) = postSolution
		SolutionGuid = {4DF56BB8-B0BB-42C1-9608-C2F762B68F2C}
	EndGlobalSection
EndGlobal
