
Microsoft Visual Studio Solution File, Format Version 12.00
# Visual Studio Version 17
VisualStudioVersion = 17.14.36301.6 d17.14
MinimumVisualStudioVersion = 10.0.40219.1
Project("{FAE04EC0-301F-11D3-BF4B-00C04F79EFBC}") = "PRN231_SU25_SE185065.api", "PRN231_SU25_SE185065.api\PRN231_SU25_SE185065.api.csproj", "{7F14799A-F306-4A98-8C57-3A8CF0560451}"
EndProject
Project("{FAE04EC0-301F-11D3-BF4B-00C04F79EFBC}") = "PRN231_SU25_SE185065.json", "PRN231_SU25_SE185065.json\PRN231_SU25_SE185065.json.csproj", "{F061C268-30D0-44FE-A8A6-AFF0ECB5AD20}"
EndProject
Project("{FAE04EC0-301F-11D3-BF4B-00C04F79EFBC}") = "Repository", "Repository\Repository.csproj", "{085235EB-80FF-4D8F-A6E2-4187B1F6B353}"
EndProject
Project("{FAE04EC0-301F-11D3-BF4B-00C04F79EFBC}") = "Service", "Service\Service.csproj", "{88422914-0F82-415C-B0EB-87A79FEA396F}"
EndProject
Global
	GlobalSection(SolutionConfigurationPlatforms) = preSolution
		Debug|Any CPU = Debug|Any CPU
		Release|Any CPU = Release|Any CPU
	EndGlobalSection
	GlobalSection(ProjectConfigurationPlatforms) = postSolution
		{7F14799A-F306-4A98-8C57-3A8CF0560451}.Debug|Any CPU.ActiveCfg = Debug|Any CPU
		{7F14799A-F306-4A98-8C57-3A8CF0560451}.Debug|Any CPU.Build.0 = Debug|Any CPU
		{7F14799A-F306-4A98-8C57-3A8CF0560451}.Release|Any CPU.ActiveCfg = Release|Any CPU
		{7F14799A-F306-4A98-8C57-3A8CF0560451}.Release|Any CPU.Build.0 = Release|Any CPU
		{F061C268-30D0-44FE-A8A6-AFF0ECB5AD20}.Debug|Any CPU.ActiveCfg = Debug|Any CPU
		{F061C268-30D0-44FE-A8A6-AFF0ECB5AD20}.Debug|Any CPU.Build.0 = Debug|Any CPU
		{F061C268-30D0-44FE-A8A6-AFF0ECB5AD20}.Release|Any CPU.ActiveCfg = Release|Any CPU
		{F061C268-30D0-44FE-A8A6-AFF0ECB5AD20}.Release|Any CPU.Build.0 = Release|Any CPU
		{085235EB-80FF-4D8F-A6E2-4187B1F6B353}.Debug|Any CPU.ActiveCfg = Debug|Any CPU
		{085235EB-80FF-4D8F-A6E2-4187B1F6B353}.Debug|Any CPU.Build.0 = Debug|Any CPU
		{085235EB-80FF-4D8F-A6E2-4187B1F6B353}.Release|Any CPU.ActiveCfg = Release|Any CPU
		{085235EB-80FF-4D8F-A6E2-4187B1F6B353}.Release|Any CPU.Build.0 = Release|Any CPU
		{88422914-0F82-415C-B0EB-87A79FEA396F}.Debug|Any CPU.ActiveCfg = Debug|Any CPU
		{88422914-0F82-415C-B0EB-87A79FEA396F}.Debug|Any CPU.Build.0 = Debug|Any CPU
		{88422914-0F82-415C-B0EB-87A79FEA396F}.Release|Any CPU.ActiveCfg = Release|Any CPU
		{88422914-0F82-415C-B0EB-87A79FEA396F}.Release|Any CPU.Build.0 = Release|Any CPU
	EndGlobalSection
	GlobalSection(SolutionProperties) = preSolution
		HideSolutionNode = FALSE
	EndGlobalSection
	GlobalSection(ExtensibilityGlobals) = postSolution
		SolutionGuid = {44B5D1AF-C173-47E7-9C47-C5E1EB6B8438}
	EndGlobalSection
EndGlobal
