
Microsoft Visual Studio Solution File, Format Version 12.00
# Visual Studio Version 17
VisualStudioVersion = 17.13.35913.81 d17.13
MinimumVisualStudioVersion = 10.0.40219.1
Project("{FAE04EC0-301F-11D3-BF4B-00C04F79EFBC}") = "PRN231_SU25_SE172213.api", "PRN231_SU25_SE172213.api\PRN231_SU25_SE172213.api.csproj", "{763D480D-D555-41A5-8271-AC46B3398409}"
EndProject
Project("{FAE04EC0-301F-11D3-BF4B-00C04F79EFBC}") = "Services", "Services\Services.csproj", "{98489FB9-0CC8-4E03-8A63-D37D538C8AE5}"
EndProject
Project("{FAE04EC0-301F-11D3-BF4B-00C04F79EFBC}") = "Repositories", "Repositories\Repositories.csproj", "{29C4CCDE-CB1D-4BB4-9D7F-5B66716C09AE}"
EndProject
Global
	GlobalSection(SolutionConfigurationPlatforms) = preSolution
		Debug|Any CPU = Debug|Any CPU
		Release|Any CPU = Release|Any CPU
	EndGlobalSection
	GlobalSection(ProjectConfigurationPlatforms) = postSolution
		{763D480D-D555-41A5-8271-AC46B3398409}.Debug|Any CPU.ActiveCfg = Debug|Any CPU
		{763D480D-D555-41A5-8271-AC46B3398409}.Debug|Any CPU.Build.0 = Debug|Any CPU
		{763D480D-D555-41A5-8271-AC46B3398409}.Release|Any CPU.ActiveCfg = Release|Any CPU
		{763D480D-D555-41A5-8271-AC46B3398409}.Release|Any CPU.Build.0 = Release|Any CPU
		{98489FB9-0CC8-4E03-8A63-D37D538C8AE5}.Debug|Any CPU.ActiveCfg = Debug|Any CPU
		{98489FB9-0CC8-4E03-8A63-D37D538C8AE5}.Debug|Any CPU.Build.0 = Debug|Any CPU
		{98489FB9-0CC8-4E03-8A63-D37D538C8AE5}.Release|Any CPU.ActiveCfg = Release|Any CPU
		{98489FB9-0CC8-4E03-8A63-D37D538C8AE5}.Release|Any CPU.Build.0 = Release|Any CPU
		{29C4CCDE-CB1D-4BB4-9D7F-5B66716C09AE}.Debug|Any CPU.ActiveCfg = Debug|Any CPU
		{29C4CCDE-CB1D-4BB4-9D7F-5B66716C09AE}.Debug|Any CPU.Build.0 = Debug|Any CPU
		{29C4CCDE-CB1D-4BB4-9D7F-5B66716C09AE}.Release|Any CPU.ActiveCfg = Release|Any CPU
		{29C4CCDE-CB1D-4BB4-9D7F-5B66716C09AE}.Release|Any CPU.Build.0 = Release|Any CPU
	EndGlobalSection
	GlobalSection(SolutionProperties) = preSolution
		HideSolutionNode = FALSE
	EndGlobalSection
	GlobalSection(ExtensibilityGlobals) = postSolution
		SolutionGuid = {F4B1536F-498F-40D5-B66F-BB9A32D7689D}
	EndGlobalSection
EndGlobal
