
Microsoft Visual Studio Solution File, Format Version 12.00
# Visual Studio Version 17
VisualStudioVersion = 17.9.34728.123
MinimumVisualStudioVersion = 10.0.40219.1
Project("{FAE04EC0-301F-11D3-BF4B-00C04F79EFBC}") = "PRN231_SU25_SE173171.api", "PRN231_SU25_SE173171.api\PRN231_SU25_SE173171.api.csproj", "{A0348957-58DB-49EC-B226-984947C5CBB1}"
EndProject
Project("{FAE04EC0-301F-11D3-BF4B-00C04F79EFBC}") = "PRN231_SU25_SE173171.DAL", "PRN231_SU25_SE173171.DAL\PRN231_SU25_SE173171.DAL.csproj", "{1E51D005-5ACB-470F-A9F7-26FC1E196861}"
EndProject
Project("{FAE04EC0-301F-11D3-BF4B-00C04F79EFBC}") = "PRN231_SU25_SE173171.BLL", "PRN231_SU25_SE173171.BLL\PRN231_SU25_SE173171.BLL.csproj", "{D7E2F3BB-35A3-4855-9BAC-2BB54E37494B}"
EndProject
Global
	GlobalSection(SolutionConfigurationPlatforms) = preSolution
		Debug|Any CPU = Debug|Any CPU
		Release|Any CPU = Release|Any CPU
	EndGlobalSection
	GlobalSection(ProjectConfigurationPlatforms) = postSolution
		{A0348957-58DB-49EC-B226-984947C5CBB1}.Debug|Any CPU.ActiveCfg = Debug|Any CPU
		{A0348957-58DB-49EC-B226-984947C5CBB1}.Debug|Any CPU.Build.0 = Debug|Any CPU
		{A0348957-58DB-49EC-B226-984947C5CBB1}.Release|Any CPU.ActiveCfg = Release|Any CPU
		{A0348957-58DB-49EC-B226-984947C5CBB1}.Release|Any CPU.Build.0 = Release|Any CPU
		{1E51D005-5ACB-470F-A9F7-26FC1E196861}.Debug|Any CPU.ActiveCfg = Debug|Any CPU
		{1E51D005-5ACB-470F-A9F7-26FC1E196861}.Debug|Any CPU.Build.0 = Debug|Any CPU
		{1E51D005-5ACB-470F-A9F7-26FC1E196861}.Release|Any CPU.ActiveCfg = Release|Any CPU
		{1E51D005-5ACB-470F-A9F7-26FC1E196861}.Release|Any CPU.Build.0 = Release|Any CPU
		{D7E2F3BB-35A3-4855-9BAC-2BB54E37494B}.Debug|Any CPU.ActiveCfg = Debug|Any CPU
		{D7E2F3BB-35A3-4855-9BAC-2BB54E37494B}.Debug|Any CPU.Build.0 = Debug|Any CPU
		{D7E2F3BB-35A3-4855-9BAC-2BB54E37494B}.Release|Any CPU.ActiveCfg = Release|Any CPU
		{D7E2F3BB-35A3-4855-9BAC-2BB54E37494B}.Release|Any CPU.Build.0 = Release|Any CPU
	EndGlobalSection
	GlobalSection(SolutionProperties) = preSolution
		HideSolutionNode = FALSE
	EndGlobalSection
	GlobalSection(ExtensibilityGlobals) = postSolution
		SolutionGuid = {10F35042-9406-47A9-A720-24103BA39C9B}
	EndGlobalSection
EndGlobal
