
Microsoft Visual Studio Solution File, Format Version 12.00
# Visual Studio Version 17
VisualStudioVersion = 17.14.36202.13 d17.14
MinimumVisualStudioVersion = 10.0.40219.1
Project("{FAE04EC0-301F-11D3-BF4B-00C04F79EFBC}") = "PRN231_SU25_SE172412.api", "PRN231_SU25_SE172412.api\PRN231_SU25_SE172412.api.csproj", "{D316D499-234A-4BB9-811A-468840C8495F}"
EndProject
Project("{FAE04EC0-301F-11D3-BF4B-00C04F79EFBC}") = "BusinessObjects", "BusinessObjects\BusinessObjects.csproj", "{F397D83A-B64A-4C38-8C0B-D224BB339245}"
EndProject
Project("{FAE04EC0-301F-11D3-BF4B-00C04F79EFBC}") = "DataAccessObjects", "DataAccessObjects\DataAccessObjects.csproj", "{0FC6C40C-B127-4DE9-B0CE-2C10D6E8B425}"
EndProject
Project("{FAE04EC0-301F-11D3-BF4B-00C04F79EFBC}") = "DTO", "DTO\DTO.csproj", "{315E7A6E-2724-4B34-B330-D234C54DD2AD}"
EndProject
Project("{FAE04EC0-301F-11D3-BF4B-00C04F79EFBC}") = "Repositories", "Repositories\Repositories.csproj", "{CF0A551C-C4A8-4B7E-9BA5-5D0C13A50E14}"
EndProject
Project("{FAE04EC0-301F-11D3-BF4B-00C04F79EFBC}") = "Services", "Services\Services.csproj", "{31F226F3-C204-4FE4-A554-09FD9F03726A}"
EndProject
Global
	GlobalSection(SolutionConfigurationPlatforms) = preSolution
		Debug|Any CPU = Debug|Any CPU
		Release|Any CPU = Release|Any CPU
	EndGlobalSection
	GlobalSection(ProjectConfigurationPlatforms) = postSolution
		{D316D499-234A-4BB9-811A-468840C8495F}.Debug|Any CPU.ActiveCfg = Debug|Any CPU
		{D316D499-234A-4BB9-811A-468840C8495F}.Debug|Any CPU.Build.0 = Debug|Any CPU
		{D316D499-234A-4BB9-811A-468840C8495F}.Release|Any CPU.ActiveCfg = Release|Any CPU
		{D316D499-234A-4BB9-811A-468840C8495F}.Release|Any CPU.Build.0 = Release|Any CPU
		{F397D83A-B64A-4C38-8C0B-D224BB339245}.Debug|Any CPU.ActiveCfg = Debug|Any CPU
		{F397D83A-B64A-4C38-8C0B-D224BB339245}.Debug|Any CPU.Build.0 = Debug|Any CPU
		{F397D83A-B64A-4C38-8C0B-D224BB339245}.Release|Any CPU.ActiveCfg = Release|Any CPU
		{F397D83A-B64A-4C38-8C0B-D224BB339245}.Release|Any CPU.Build.0 = Release|Any CPU
		{0FC6C40C-B127-4DE9-B0CE-2C10D6E8B425}.Debug|Any CPU.ActiveCfg = Debug|Any CPU
		{0FC6C40C-B127-4DE9-B0CE-2C10D6E8B425}.Debug|Any CPU.Build.0 = Debug|Any CPU
		{0FC6C40C-B127-4DE9-B0CE-2C10D6E8B425}.Release|Any CPU.ActiveCfg = Release|Any CPU
		{0FC6C40C-B127-4DE9-B0CE-2C10D6E8B425}.Release|Any CPU.Build.0 = Release|Any CPU
		{315E7A6E-2724-4B34-B330-D234C54DD2AD}.Debug|Any CPU.ActiveCfg = Debug|Any CPU
		{315E7A6E-2724-4B34-B330-D234C54DD2AD}.Debug|Any CPU.Build.0 = Debug|Any CPU
		{315E7A6E-2724-4B34-B330-D234C54DD2AD}.Release|Any CPU.ActiveCfg = Release|Any CPU
		{315E7A6E-2724-4B34-B330-D234C54DD2AD}.Release|Any CPU.Build.0 = Release|Any CPU
		{CF0A551C-C4A8-4B7E-9BA5-5D0C13A50E14}.Debug|Any CPU.ActiveCfg = Debug|Any CPU
		{CF0A551C-C4A8-4B7E-9BA5-5D0C13A50E14}.Debug|Any CPU.Build.0 = Debug|Any CPU
		{CF0A551C-C4A8-4B7E-9BA5-5D0C13A50E14}.Release|Any CPU.ActiveCfg = Release|Any CPU
		{CF0A551C-C4A8-4B7E-9BA5-5D0C13A50E14}.Release|Any CPU.Build.0 = Release|Any CPU
		{31F226F3-C204-4FE4-A554-09FD9F03726A}.Debug|Any CPU.ActiveCfg = Debug|Any CPU
		{31F226F3-C204-4FE4-A554-09FD9F03726A}.Debug|Any CPU.Build.0 = Debug|Any CPU
		{31F226F3-C204-4FE4-A554-09FD9F03726A}.Release|Any CPU.ActiveCfg = Release|Any CPU
		{31F226F3-C204-4FE4-A554-09FD9F03726A}.Release|Any CPU.Build.0 = Release|Any CPU
	EndGlobalSection
	GlobalSection(SolutionProperties) = preSolution
		HideSolutionNode = FALSE
	EndGlobalSection
	GlobalSection(ExtensibilityGlobals) = postSolution
		SolutionGuid = {1D0EBCCE-37B8-4F0F-ACBA-4F1BCE05BC98}
	EndGlobalSection
EndGlobal
