
Microsoft Visual Studio Solution File, Format Version 12.00
# Visual Studio Version 17
VisualStudioVersion = 17.14.36301.6 d17.14
MinimumVisualStudioVersion = 10.0.40219.1
Project("{FAE04EC0-301F-11D3-BF4B-00C04F79EFBC}") = "PRN231_SU25_SE171746.api", "PRN231_SU25_SE171746.api\PRN231_SU25_SE171746.api.csproj", "{95700DFD-058C-43C7-8D60-154CC16537C9}"
EndProject
Project("{FAE04EC0-301F-11D3-BF4B-00C04F79EFBC}") = "Services", "Services\Services.csproj", "{D4994735-861E-4C9F-84A7-990664B9481A}"
EndProject
Project("{FAE04EC0-301F-11D3-BF4B-00C04F79EFBC}") = "Repositories", "Repositories\Repositories.csproj", "{7ED483FB-6284-4496-8F92-9D045F0BEB01}"
EndProject
Global
	GlobalSection(SolutionConfigurationPlatforms) = preSolution
		Debug|Any CPU = Debug|Any CPU
		Release|Any CPU = Release|Any CPU
	EndGlobalSection
	GlobalSection(ProjectConfigurationPlatforms) = postSolution
		{95700DFD-058C-43C7-8D60-154CC16537C9}.Debug|Any CPU.ActiveCfg = Debug|Any CPU
		{95700DFD-058C-43C7-8D60-154CC16537C9}.Debug|Any CPU.Build.0 = Debug|Any CPU
		{95700DFD-058C-43C7-8D60-154CC16537C9}.Release|Any CPU.ActiveCfg = Release|Any CPU
		{95700DFD-058C-43C7-8D60-154CC16537C9}.Release|Any CPU.Build.0 = Release|Any CPU
		{D4994735-861E-4C9F-84A7-990664B9481A}.Debug|Any CPU.ActiveCfg = Debug|Any CPU
		{D4994735-861E-4C9F-84A7-990664B9481A}.Debug|Any CPU.Build.0 = Debug|Any CPU
		{D4994735-861E-4C9F-84A7-990664B9481A}.Release|Any CPU.ActiveCfg = Release|Any CPU
		{D4994735-861E-4C9F-84A7-990664B9481A}.Release|Any CPU.Build.0 = Release|Any CPU
		{7ED483FB-6284-4496-8F92-9D045F0BEB01}.Debug|Any CPU.ActiveCfg = Debug|Any CPU
		{7ED483FB-6284-4496-8F92-9D045F0BEB01}.Debug|Any CPU.Build.0 = Debug|Any CPU
		{7ED483FB-6284-4496-8F92-9D045F0BEB01}.Release|Any CPU.ActiveCfg = Release|Any CPU
		{7ED483FB-6284-4496-8F92-9D045F0BEB01}.Release|Any CPU.Build.0 = Release|Any CPU
	EndGlobalSection
	GlobalSection(SolutionProperties) = preSolution
		HideSolutionNode = FALSE
	EndGlobalSection
	GlobalSection(ExtensibilityGlobals) = postSolution
		SolutionGuid = {9BC9860A-E530-42DA-9BF6-4DC52B292BA9}
	EndGlobalSection
EndGlobal
