
Microsoft Visual Studio Solution File, Format Version 12.00
# Visual Studio Version 17
VisualStudioVersion = 17.14.36310.24
MinimumVisualStudioVersion = 10.0.40219.1
Project("{FAE04EC0-301F-11D3-BF4B-00C04F79EFBC}") = "PRN232_SU25_SE181544.api", "PRN232_SU25_SE181544.api\PRN232_SU25_SE181544.api.csproj", "{1A7C900F-A963-4F8B-861E-7F6B96227087}"
EndProject
Project("{FAE04EC0-301F-11D3-BF4B-00C04F79EFBC}") = "PRN232_SU25_SE181544.DAL", "PRN232_SU25_SE181544.DAL\PRN232_SU25_SE181544.DAL.csproj", "{D49A5DE3-1654-4629-9A22-4E1FF54B60B6}"
EndProject
Project("{FAE04EC0-301F-11D3-BF4B-00C04F79EFBC}") = "PRN232_SU25_SE181544.BLL", "PRN232_SU25_SE181544.BLL\PRN232_SU25_SE181544.BLL.csproj", "{89F02607-2998-497E-9CC7-B4BD9DDD68BF}"
EndProject
Project("{FAE04EC0-301F-11D3-BF4B-00C04F79EFBC}") = "PRN232_SU25_SE181544.client", "PRN232_SU25_SE181544.client\PRN232_SU25_SE181544.client.csproj", "{AA8EA73A-A0F9-C061-7611-A01869372639}"
EndProject
Global
	GlobalSection(SolutionConfigurationPlatforms) = preSolution
		Debug|Any CPU = Debug|Any CPU
		Release|Any CPU = Release|Any CPU
	EndGlobalSection
	GlobalSection(ProjectConfigurationPlatforms) = postSolution
		{1A7C900F-A963-4F8B-861E-7F6B96227087}.Debug|Any CPU.ActiveCfg = Debug|Any CPU
		{1A7C900F-A963-4F8B-861E-7F6B96227087}.Debug|Any CPU.Build.0 = Debug|Any CPU
		{1A7C900F-A963-4F8B-861E-7F6B96227087}.Release|Any CPU.ActiveCfg = Release|Any CPU
		{1A7C900F-A963-4F8B-861E-7F6B96227087}.Release|Any CPU.Build.0 = Release|Any CPU
		{D49A5DE3-1654-4629-9A22-4E1FF54B60B6}.Debug|Any CPU.ActiveCfg = Debug|Any CPU
		{D49A5DE3-1654-4629-9A22-4E1FF54B60B6}.Debug|Any CPU.Build.0 = Debug|Any CPU
		{D49A5DE3-1654-4629-9A22-4E1FF54B60B6}.Release|Any CPU.ActiveCfg = Release|Any CPU
		{D49A5DE3-1654-4629-9A22-4E1FF54B60B6}.Release|Any CPU.Build.0 = Release|Any CPU
		{89F02607-2998-497E-9CC7-B4BD9DDD68BF}.Debug|Any CPU.ActiveCfg = Debug|Any CPU
		{89F02607-2998-497E-9CC7-B4BD9DDD68BF}.Debug|Any CPU.Build.0 = Debug|Any CPU
		{89F02607-2998-497E-9CC7-B4BD9DDD68BF}.Release|Any CPU.ActiveCfg = Release|Any CPU
		{89F02607-2998-497E-9CC7-B4BD9DDD68BF}.Release|Any CPU.Build.0 = Release|Any CPU
		{AA8EA73A-A0F9-C061-7611-A01869372639}.Debug|Any CPU.ActiveCfg = Debug|Any CPU
		{AA8EA73A-A0F9-C061-7611-A01869372639}.Debug|Any CPU.Build.0 = Debug|Any CPU
		{AA8EA73A-A0F9-C061-7611-A01869372639}.Release|Any CPU.ActiveCfg = Release|Any CPU
		{AA8EA73A-A0F9-C061-7611-A01869372639}.Release|Any CPU.Build.0 = Release|Any CPU
	EndGlobalSection
	GlobalSection(SolutionProperties) = preSolution
		HideSolutionNode = FALSE
	EndGlobalSection
	GlobalSection(ExtensibilityGlobals) = postSolution
		SolutionGuid = {EDF6022E-E14B-41B9-8511-9BCC19BB0D53}
	EndGlobalSection
EndGlobal
