
Microsoft Visual Studio Solution File, Format Version 12.00
# Visual Studio Version 17
VisualStudioVersion = 17.14.36301.6 d17.14
MinimumVisualStudioVersion = 10.0.40219.1
Project("{FAE04EC0-301F-11D3-BF4B-00C04F79EFBC}") = "PRN231_SU25_SE184714.api", "PRN231_SU25_SE184714.api\PRN231_SU25_SE184714.api.csproj", "{0DEB4B75-80B6-4FD5-A738-5D21ECDBCD9A}"
EndProject
Project("{FAE04EC0-301F-11D3-BF4B-00C04F79EFBC}") = "Repositories", "Repositories\Repositories.csproj", "{5D1F2D18-538E-403C-A545-12FAFE057D7B}"
EndProject
Project("{FAE04EC0-301F-11D3-BF4B-00C04F79EFBC}") = "Services", "Services\Services.csproj", "{C98310E0-81CD-47FC-A8A3-8FD818A365D4}"
EndProject
Global
	GlobalSection(SolutionConfigurationPlatforms) = preSolution
		Debug|Any CPU = Debug|Any CPU
		Release|Any CPU = Release|Any CPU
	EndGlobalSection
	GlobalSection(ProjectConfigurationPlatforms) = postSolution
		{0DEB4B75-80B6-4FD5-A738-5D21ECDBCD9A}.Debug|Any CPU.ActiveCfg = Debug|Any CPU
		{0DEB4B75-80B6-4FD5-A738-5D21ECDBCD9A}.Debug|Any CPU.Build.0 = Debug|Any CPU
		{0DEB4B75-80B6-4FD5-A738-5D21ECDBCD9A}.Release|Any CPU.ActiveCfg = Release|Any CPU
		{0DEB4B75-80B6-4FD5-A738-5D21ECDBCD9A}.Release|Any CPU.Build.0 = Release|Any CPU
		{5D1F2D18-538E-403C-A545-12FAFE057D7B}.Debug|Any CPU.ActiveCfg = Debug|Any CPU
		{5D1F2D18-538E-403C-A545-12FAFE057D7B}.Debug|Any CPU.Build.0 = Debug|Any CPU
		{5D1F2D18-538E-403C-A545-12FAFE057D7B}.Release|Any CPU.ActiveCfg = Release|Any CPU
		{5D1F2D18-538E-403C-A545-12FAFE057D7B}.Release|Any CPU.Build.0 = Release|Any CPU
		{C98310E0-81CD-47FC-A8A3-8FD818A365D4}.Debug|Any CPU.ActiveCfg = Debug|Any CPU
		{C98310E0-81CD-47FC-A8A3-8FD818A365D4}.Debug|Any CPU.Build.0 = Debug|Any CPU
		{C98310E0-81CD-47FC-A8A3-8FD818A365D4}.Release|Any CPU.ActiveCfg = Release|Any CPU
		{C98310E0-81CD-47FC-A8A3-8FD818A365D4}.Release|Any CPU.Build.0 = Release|Any CPU
	EndGlobalSection
	GlobalSection(SolutionProperties) = preSolution
		HideSolutionNode = FALSE
	EndGlobalSection
	GlobalSection(ExtensibilityGlobals) = postSolution
		SolutionGuid = {649579E1-7F60-49AC-BB01-0949C768F4AD}
	EndGlobalSection
EndGlobal
