
Microsoft Visual Studio Solution File, Format Version 12.00
# Visual Studio Version 17
VisualStudioVersion = 17.14.36212.18
MinimumVisualStudioVersion = 10.0.40219.1
Project("{FAE04EC0-301F-11D3-BF4B-00C04F79EFBC}") = "PRN231_SU25_SE172732.api", "Trial_Test\PRN231_SU25_SE172732.api.csproj", "{1831D324-F2D7-49D9-8B1C-9F04B5A3F5FF}"
EndProject
Project("{FAE04EC0-301F-11D3-BF4B-00C04F79EFBC}") = "BLL", "BLL\BLL.csproj", "{400E3664-F89D-4239-8A90-32173F3B5599}"
EndProject
Project("{FAE04EC0-301F-11D3-BF4B-00C04F79EFBC}") = "DAL", "DAL\DAL.csproj", "{0D234734-1712-45A4-A116-FBB1203AAE46}"
EndProject
Global
	GlobalSection(SolutionConfigurationPlatforms) = preSolution
		Debug|Any CPU = Debug|Any CPU
		Release|Any CPU = Release|Any CPU
	EndGlobalSection
	GlobalSection(ProjectConfigurationPlatforms) = postSolution
		{1831D324-F2D7-49D9-8B1C-9F04B5A3F5FF}.Debug|Any CPU.ActiveCfg = Debug|Any CPU
		{1831D324-F2D7-49D9-8B1C-9F04B5A3F5FF}.Debug|Any CPU.Build.0 = Debug|Any CPU
		{1831D324-F2D7-49D9-8B1C-9F04B5A3F5FF}.Release|Any CPU.ActiveCfg = Release|Any CPU
		{1831D324-F2D7-49D9-8B1C-9F04B5A3F5FF}.Release|Any CPU.Build.0 = Release|Any CPU
		{400E3664-F89D-4239-8A90-32173F3B5599}.Debug|Any CPU.ActiveCfg = Debug|Any CPU
		{400E3664-F89D-4239-8A90-32173F3B5599}.Debug|Any CPU.Build.0 = Debug|Any CPU
		{400E3664-F89D-4239-8A90-32173F3B5599}.Release|Any CPU.ActiveCfg = Release|Any CPU
		{400E3664-F89D-4239-8A90-32173F3B5599}.Release|Any CPU.Build.0 = Release|Any CPU
		{0D234734-1712-45A4-A116-FBB1203AAE46}.Debug|Any CPU.ActiveCfg = Debug|Any CPU
		{0D234734-1712-45A4-A116-FBB1203AAE46}.Debug|Any CPU.Build.0 = Debug|Any CPU
		{0D234734-1712-45A4-A116-FBB1203AAE46}.Release|Any CPU.ActiveCfg = Release|Any CPU
		{0D234734-1712-45A4-A116-FBB1203AAE46}.Release|Any CPU.Build.0 = Release|Any CPU
	EndGlobalSection
	GlobalSection(SolutionProperties) = preSolution
		HideSolutionNode = FALSE
	EndGlobalSection
	GlobalSection(ExtensibilityGlobals) = postSolution
		SolutionGuid = {5D8AD241-30E2-4C92-9D59-611803E377A0}
	EndGlobalSection
EndGlobal
