
Microsoft Visual Studio Solution File, Format Version 12.00
# Visual Studio Version 17
VisualStudioVersion = 17.14.36119.2 d17.14
MinimumVisualStudioVersion = 10.0.40219.1
Project("{FAE04EC0-301F-11D3-BF4B-00C04F79EFBC}") = "PRN231_SU25_SE170533.api", "PRN231_SU25_SE170533.api\PRN231_SU25_SE170533.api.csproj", "{D8E7B99F-1D10-4ECB-BBC0-165EBB4CD403}"
EndProject
Project("{FAE04EC0-301F-11D3-BF4B-00C04F79EFBC}") = "DAL", "DAL\DAL.csproj", "{F526C611-70AF-4B95-86E1-6F31BEB2456B}"
EndProject
Project("{FAE04EC0-301F-11D3-BF4B-00C04F79EFBC}") = "BLL", "BLL\BLL.csproj", "{A3A28968-B89D-4900-B7C6-6D75E0F381A2}"
EndProject
Global
	GlobalSection(SolutionConfigurationPlatforms) = preSolution
		Debug|Any CPU = Debug|Any CPU
		Release|Any CPU = Release|Any CPU
	EndGlobalSection
	GlobalSection(ProjectConfigurationPlatforms) = postSolution
		{D8E7B99F-1D10-4ECB-BBC0-165EBB4CD403}.Debug|Any CPU.ActiveCfg = Debug|Any CPU
		{D8E7B99F-1D10-4ECB-BBC0-165EBB4CD403}.Debug|Any CPU.Build.0 = Debug|Any CPU
		{D8E7B99F-1D10-4ECB-BBC0-165EBB4CD403}.Release|Any CPU.ActiveCfg = Release|Any CPU
		{D8E7B99F-1D10-4ECB-BBC0-165EBB4CD403}.Release|Any CPU.Build.0 = Release|Any CPU
		{F526C611-70AF-4B95-86E1-6F31BEB2456B}.Debug|Any CPU.ActiveCfg = Debug|Any CPU
		{F526C611-70AF-4B95-86E1-6F31BEB2456B}.Debug|Any CPU.Build.0 = Debug|Any CPU
		{F526C611-70AF-4B95-86E1-6F31BEB2456B}.Release|Any CPU.ActiveCfg = Release|Any CPU
		{F526C611-70AF-4B95-86E1-6F31BEB2456B}.Release|Any CPU.Build.0 = Release|Any CPU
		{A3A28968-B89D-4900-B7C6-6D75E0F381A2}.Debug|Any CPU.ActiveCfg = Debug|Any CPU
		{A3A28968-B89D-4900-B7C6-6D75E0F381A2}.Debug|Any CPU.Build.0 = Debug|Any CPU
		{A3A28968-B89D-4900-B7C6-6D75E0F381A2}.Release|Any CPU.ActiveCfg = Release|Any CPU
		{A3A28968-B89D-4900-B7C6-6D75E0F381A2}.Release|Any CPU.Build.0 = Release|Any CPU
	EndGlobalSection
	GlobalSection(SolutionProperties) = preSolution
		HideSolutionNode = FALSE
	EndGlobalSection
	GlobalSection(ExtensibilityGlobals) = postSolution
		SolutionGuid = {3D2472CC-4DB4-4F04-812B-FE5EDA7685F2}
	EndGlobalSection
EndGlobal
