
Microsoft Visual Studio Solution File, Format Version 12.00
# Visual Studio Version 17
VisualStudioVersion = 17.12.35707.178
MinimumVisualStudioVersion = 10.0.40219.1
Project("{FAE04EC0-301F-11D3-BF4B-00C04F79EFBC}") = "PRN231_SU25_SE170489.BLL", "PRN231_SU25_SE170489.BLL\PRN231_SU25_SE170489.BLL.csproj", "{B403BDF4-ADC8-4F65-B211-B81206B38D7C}"
EndProject
Project("{FAE04EC0-301F-11D3-BF4B-00C04F79EFBC}") = "PRN231_SU25_SE170489.DAL", "PRN231_SU25_SE170489.DAL\PRN231_SU25_SE170489.DAL.csproj", "{DDD890FE-29AF-4DAE-B2C8-272F6A5CA358}"
EndProject
Project("{FAE04EC0-301F-11D3-BF4B-00C04F79EFBC}") = "PRN231_SU25_SE170489.API", "PRN231_SU25_SE170489.API\PRN231_SU25_SE170489.API.csproj", "{4DA7AC89-7C3D-4153-A539-88E45FF3316E}"
EndProject
Global
	GlobalSection(SolutionConfigurationPlatforms) = preSolution
		Debug|Any CPU = Debug|Any CPU
		Release|Any CPU = Release|Any CPU
	EndGlobalSection
	GlobalSection(ProjectConfigurationPlatforms) = postSolution
		{B403BDF4-ADC8-4F65-B211-B81206B38D7C}.Debug|Any CPU.ActiveCfg = Debug|Any CPU
		{B403BDF4-ADC8-4F65-B211-B81206B38D7C}.Debug|Any CPU.Build.0 = Debug|Any CPU
		{B403BDF4-ADC8-4F65-B211-B81206B38D7C}.Release|Any CPU.ActiveCfg = Release|Any CPU
		{B403BDF4-ADC8-4F65-B211-B81206B38D7C}.Release|Any CPU.Build.0 = Release|Any CPU
		{DDD890FE-29AF-4DAE-B2C8-272F6A5CA358}.Debug|Any CPU.ActiveCfg = Debug|Any CPU
		{DDD890FE-29AF-4DAE-B2C8-272F6A5CA358}.Debug|Any CPU.Build.0 = Debug|Any CPU
		{DDD890FE-29AF-4DAE-B2C8-272F6A5CA358}.Release|Any CPU.ActiveCfg = Release|Any CPU
		{DDD890FE-29AF-4DAE-B2C8-272F6A5CA358}.Release|Any CPU.Build.0 = Release|Any CPU
		{4DA7AC89-7C3D-4153-A539-88E45FF3316E}.Debug|Any CPU.ActiveCfg = Debug|Any CPU
		{4DA7AC89-7C3D-4153-A539-88E45FF3316E}.Debug|Any CPU.Build.0 = Debug|Any CPU
		{4DA7AC89-7C3D-4153-A539-88E45FF3316E}.Release|Any CPU.ActiveCfg = Release|Any CPU
		{4DA7AC89-7C3D-4153-A539-88E45FF3316E}.Release|Any CPU.Build.0 = Release|Any CPU
	EndGlobalSection
	GlobalSection(SolutionProperties) = preSolution
		HideSolutionNode = FALSE
	EndGlobalSection
EndGlobal
