
Microsoft Visual Studio Solution File, Format Version 12.00
# Visual Studio Version 17
VisualStudioVersion = 17.12.35527.113 d17.12
MinimumVisualStudioVersion = 10.0.40219.1
Project("{FAE04EC0-301F-11D3-BF4B-00C04F79EFBC}") = "PRN232_SU25_SE182318.api", "PRN232_SU25_SE182318.api\PRN232_SU25_SE182318.api.csproj", "{B69445BD-CA95-419B-AA40-07766B462B5E}"
EndProject
Project("{FAE04EC0-301F-11D3-BF4B-00C04F79EFBC}") = "BLL", "BLL\BLL.csproj", "{22B7C377-9E39-4969-9EE4-3EC958B629DF}"
EndProject
Project("{FAE04EC0-301F-11D3-BF4B-00C04F79EFBC}") = "DAL", "DAL\DAL.csproj", "{D3101A61-3A91-490B-B7E3-12C44CDCD668}"
EndProject
Global
	GlobalSection(SolutionConfigurationPlatforms) = preSolution
		Debug|Any CPU = Debug|Any CPU
		Release|Any CPU = Release|Any CPU
	EndGlobalSection
	GlobalSection(ProjectConfigurationPlatforms) = postSolution
		{B69445BD-CA95-419B-AA40-07766B462B5E}.Debug|Any CPU.ActiveCfg = Debug|Any CPU
		{B69445BD-CA95-419B-AA40-07766B462B5E}.Debug|Any CPU.Build.0 = Debug|Any CPU
		{B69445BD-CA95-419B-AA40-07766B462B5E}.Release|Any CPU.ActiveCfg = Release|Any CPU
		{B69445BD-CA95-419B-AA40-07766B462B5E}.Release|Any CPU.Build.0 = Release|Any CPU
		{22B7C377-9E39-4969-9EE4-3EC958B629DF}.Debug|Any CPU.ActiveCfg = Debug|Any CPU
		{22B7C377-9E39-4969-9EE4-3EC958B629DF}.Debug|Any CPU.Build.0 = Debug|Any CPU
		{22B7C377-9E39-4969-9EE4-3EC958B629DF}.Release|Any CPU.ActiveCfg = Release|Any CPU
		{22B7C377-9E39-4969-9EE4-3EC958B629DF}.Release|Any CPU.Build.0 = Release|Any CPU
		{D3101A61-3A91-490B-B7E3-12C44CDCD668}.Debug|Any CPU.ActiveCfg = Debug|Any CPU
		{D3101A61-3A91-490B-B7E3-12C44CDCD668}.Debug|Any CPU.Build.0 = Debug|Any CPU
		{D3101A61-3A91-490B-B7E3-12C44CDCD668}.Release|Any CPU.ActiveCfg = Release|Any CPU
		{D3101A61-3A91-490B-B7E3-12C44CDCD668}.Release|Any CPU.Build.0 = Release|Any CPU
	EndGlobalSection
	GlobalSection(SolutionProperties) = preSolution
		HideSolutionNode = FALSE
	EndGlobalSection
EndGlobal
