
Microsoft Visual Studio Solution File, Format Version 12.00
# Visual Studio Version 17
VisualStudioVersion = 17.13.35913.81 d17.13
MinimumVisualStudioVersion = 10.0.40219.1
Project("{FAE04EC0-301F-11D3-BF4B-00C04F79EFBC}") = "PRN231_SU25_SE172411.api", "PRN231_SU25_SE172411.api\PRN231_SU25_SE172411.api.csproj", "{3880D576-D1A4-4409-B31E-062D22BA118A}"
EndProject
Project("{FAE04EC0-301F-11D3-BF4B-00C04F79EFBC}") = "BusinessObjects", "BusinessObjects\BusinessObjects.csproj", "{097BCB51-2951-4134-9E44-1861F7660B37}"
EndProject
Project("{FAE04EC0-301F-11D3-BF4B-00C04F79EFBC}") = "DataAccessObjects", "DataAccessObjects\DataAccessObjects.csproj", "{EAF5724D-79EE-4617-B102-CB7491B856F0}"
EndProject
Project("{FAE04EC0-301F-11D3-BF4B-00C04F79EFBC}") = "DataTransferObjects", "DataTransferObjects\DataTransferObjects.csproj", "{5705477C-596A-4DEE-AFA0-9D04FF496868}"
EndProject
Project("{FAE04EC0-301F-11D3-BF4B-00C04F79EFBC}") = "Repositories", "Repositories\Repositories.csproj", "{57E5C557-0469-4E36-8705-6CCE3819033D}"
EndProject
Project("{FAE04EC0-301F-11D3-BF4B-00C04F79EFBC}") = "Services", "Services\Services.csproj", "{7CD96635-CB3D-45FF-8FE5-7E517CDC29D9}"
EndProject
Global
	GlobalSection(SolutionConfigurationPlatforms) = preSolution
		Debug|Any CPU = Debug|Any CPU
		Release|Any CPU = Release|Any CPU
	EndGlobalSection
	GlobalSection(ProjectConfigurationPlatforms) = postSolution
		{3880D576-D1A4-4409-B31E-062D22BA118A}.Debug|Any CPU.ActiveCfg = Debug|Any CPU
		{3880D576-D1A4-4409-B31E-062D22BA118A}.Debug|Any CPU.Build.0 = Debug|Any CPU
		{3880D576-D1A4-4409-B31E-062D22BA118A}.Release|Any CPU.ActiveCfg = Release|Any CPU
		{3880D576-D1A4-4409-B31E-062D22BA118A}.Release|Any CPU.Build.0 = Release|Any CPU
		{097BCB51-2951-4134-9E44-1861F7660B37}.Debug|Any CPU.ActiveCfg = Debug|Any CPU
		{097BCB51-2951-4134-9E44-1861F7660B37}.Debug|Any CPU.Build.0 = Debug|Any CPU
		{097BCB51-2951-4134-9E44-1861F7660B37}.Release|Any CPU.ActiveCfg = Release|Any CPU
		{097BCB51-2951-4134-9E44-1861F7660B37}.Release|Any CPU.Build.0 = Release|Any CPU
		{EAF5724D-79EE-4617-B102-CB7491B856F0}.Debug|Any CPU.ActiveCfg = Debug|Any CPU
		{EAF5724D-79EE-4617-B102-CB7491B856F0}.Debug|Any CPU.Build.0 = Debug|Any CPU
		{EAF5724D-79EE-4617-B102-CB7491B856F0}.Release|Any CPU.ActiveCfg = Release|Any CPU
		{EAF5724D-79EE-4617-B102-CB7491B856F0}.Release|Any CPU.Build.0 = Release|Any CPU
		{5705477C-596A-4DEE-AFA0-9D04FF496868}.Debug|Any CPU.ActiveCfg = Debug|Any CPU
		{5705477C-596A-4DEE-AFA0-9D04FF496868}.Debug|Any CPU.Build.0 = Debug|Any CPU
		{5705477C-596A-4DEE-AFA0-9D04FF496868}.Release|Any CPU.ActiveCfg = Release|Any CPU
		{5705477C-596A-4DEE-AFA0-9D04FF496868}.Release|Any CPU.Build.0 = Release|Any CPU
		{57E5C557-0469-4E36-8705-6CCE3819033D}.Debug|Any CPU.ActiveCfg = Debug|Any CPU
		{57E5C557-0469-4E36-8705-6CCE3819033D}.Debug|Any CPU.Build.0 = Debug|Any CPU
		{57E5C557-0469-4E36-8705-6CCE3819033D}.Release|Any CPU.ActiveCfg = Release|Any CPU
		{57E5C557-0469-4E36-8705-6CCE3819033D}.Release|Any CPU.Build.0 = Release|Any CPU
		{7CD96635-CB3D-45FF-8FE5-7E517CDC29D9}.Debug|Any CPU.ActiveCfg = Debug|Any CPU
		{7CD96635-CB3D-45FF-8FE5-7E517CDC29D9}.Debug|Any CPU.Build.0 = Debug|Any CPU
		{7CD96635-CB3D-45FF-8FE5-7E517CDC29D9}.Release|Any CPU.ActiveCfg = Release|Any CPU
		{7CD96635-CB3D-45FF-8FE5-7E517CDC29D9}.Release|Any CPU.Build.0 = Release|Any CPU
	EndGlobalSection
	GlobalSection(SolutionProperties) = preSolution
		HideSolutionNode = FALSE
	EndGlobalSection
	GlobalSection(ExtensibilityGlobals) = postSolution
		SolutionGuid = {3F28138E-C70B-40F4-AFBF-58A8A560D11C}
	EndGlobalSection
EndGlobal
