
Microsoft Visual Studio Solution File, Format Version 12.00
# Visual Studio Version 17
VisualStudioVersion = 17.9.34728.123
MinimumVisualStudioVersion = 10.0.40219.1
Project("{FAE04EC0-301F-11D3-BF4B-00C04F79EFBC}") = "PRN231_SU25_SE173519.api", "PRN231_SU25_SE173519.api\PRN231_SU25_SE173519.api.csproj", "{ED1B12B1-BEAD-4916-9F9E-EF08E78299A3}"
EndProject
Project("{FAE04EC0-301F-11D3-BF4B-00C04F79EFBC}") = "Repositories", "Repositories\Repositories.csproj", "{9A1ECFF0-EBBA-479B-86CC-E8CA3DD8AD41}"
EndProject
Project("{FAE04EC0-301F-11D3-BF4B-00C04F79EFBC}") = "Services", "Services\Services.csproj", "{C56D7426-177A-4338-AD5A-1C262445DE17}"
EndProject
Global
	GlobalSection(SolutionConfigurationPlatforms) = preSolution
		Debug|Any CPU = Debug|Any CPU
		Release|Any CPU = Release|Any CPU
	EndGlobalSection
	GlobalSection(ProjectConfigurationPlatforms) = postSolution
		{ED1B12B1-BEAD-4916-9F9E-EF08E78299A3}.Debug|Any CPU.ActiveCfg = Debug|Any CPU
		{ED1B12B1-BEAD-4916-9F9E-EF08E78299A3}.Debug|Any CPU.Build.0 = Debug|Any CPU
		{ED1B12B1-BEAD-4916-9F9E-EF08E78299A3}.Release|Any CPU.ActiveCfg = Release|Any CPU
		{ED1B12B1-BEAD-4916-9F9E-EF08E78299A3}.Release|Any CPU.Build.0 = Release|Any CPU
		{9A1ECFF0-EBBA-479B-86CC-E8CA3DD8AD41}.Debug|Any CPU.ActiveCfg = Debug|Any CPU
		{9A1ECFF0-EBBA-479B-86CC-E8CA3DD8AD41}.Debug|Any CPU.Build.0 = Debug|Any CPU
		{9A1ECFF0-EBBA-479B-86CC-E8CA3DD8AD41}.Release|Any CPU.ActiveCfg = Release|Any CPU
		{9A1ECFF0-EBBA-479B-86CC-E8CA3DD8AD41}.Release|Any CPU.Build.0 = Release|Any CPU
		{C56D7426-177A-4338-AD5A-1C262445DE17}.Debug|Any CPU.ActiveCfg = Debug|Any CPU
		{C56D7426-177A-4338-AD5A-1C262445DE17}.Debug|Any CPU.Build.0 = Debug|Any CPU
		{C56D7426-177A-4338-AD5A-1C262445DE17}.Release|Any CPU.ActiveCfg = Release|Any CPU
		{C56D7426-177A-4338-AD5A-1C262445DE17}.Release|Any CPU.Build.0 = Release|Any CPU
	EndGlobalSection
	GlobalSection(SolutionProperties) = preSolution
		HideSolutionNode = FALSE
	EndGlobalSection
	GlobalSection(ExtensibilityGlobals) = postSolution
		SolutionGuid = {B34DDC6D-5627-4422-BE73-B8811D769C24}
	EndGlobalSection
EndGlobal
