
Microsoft Visual Studio Solution File, Format Version 12.00
# Visual Studio Version 17
VisualStudioVersion = 17.13.35825.156 d17.13
MinimumVisualStudioVersion = 10.0.40219.1
Project("{FAE04EC0-301F-11D3-BF4B-00C04F79EFBC}") = "PRN232_SU25_SE170587.api", "PRN232_SU25_SE170587.api\PRN232_SU25_SE170587.api.csproj", "{A55BE828-403F-47AE-83A6-1C13D81E54A9}"
EndProject
Project("{FAE04EC0-301F-11D3-BF4B-00C04F79EFBC}") = "Repository", "Repository\Repository.csproj", "{367C8BEF-B331-4E35-873B-6394E7234265}"
EndProject
Project("{FAE04EC0-301F-11D3-BF4B-00C04F79EFBC}") = "PRN232_SU25_SE170587.client", "PRN232_SU25_SE170587.client\PRN232_SU25_SE170587.client.csproj", "{C4219C9C-7EC6-420A-93F9-F94BCC4A3A22}"
EndProject
Global
	GlobalSection(SolutionConfigurationPlatforms) = preSolution
		Debug|Any CPU = Debug|Any CPU
		Release|Any CPU = Release|Any CPU
	EndGlobalSection
	GlobalSection(ProjectConfigurationPlatforms) = postSolution
		{A55BE828-403F-47AE-83A6-1C13D81E54A9}.Debug|Any CPU.ActiveCfg = Debug|Any CPU
		{A55BE828-403F-47AE-83A6-1C13D81E54A9}.Debug|Any CPU.Build.0 = Debug|Any CPU
		{A55BE828-403F-47AE-83A6-1C13D81E54A9}.Release|Any CPU.ActiveCfg = Release|Any CPU
		{A55BE828-403F-47AE-83A6-1C13D81E54A9}.Release|Any CPU.Build.0 = Release|Any CPU
		{367C8BEF-B331-4E35-873B-6394E7234265}.Debug|Any CPU.ActiveCfg = Debug|Any CPU
		{367C8BEF-B331-4E35-873B-6394E7234265}.Debug|Any CPU.Build.0 = Debug|Any CPU
		{367C8BEF-B331-4E35-873B-6394E7234265}.Release|Any CPU.ActiveCfg = Release|Any CPU
		{367C8BEF-B331-4E35-873B-6394E7234265}.Release|Any CPU.Build.0 = Release|Any CPU
		{C4219C9C-7EC6-420A-93F9-F94BCC4A3A22}.Debug|Any CPU.ActiveCfg = Debug|Any CPU
		{C4219C9C-7EC6-420A-93F9-F94BCC4A3A22}.Debug|Any CPU.Build.0 = Debug|Any CPU
		{C4219C9C-7EC6-420A-93F9-F94BCC4A3A22}.Release|Any CPU.ActiveCfg = Release|Any CPU
		{C4219C9C-7EC6-420A-93F9-F94BCC4A3A22}.Release|Any CPU.Build.0 = Release|Any CPU
	EndGlobalSection
	GlobalSection(SolutionProperties) = preSolution
		HideSolutionNode = FALSE
	EndGlobalSection
	GlobalSection(ExtensibilityGlobals) = postSolution
		SolutionGuid = {EF63BD94-BDF2-44FA-A86F-BAA63AD5A79E}
	EndGlobalSection
EndGlobal
