
Microsoft Visual Studio Solution File, Format Version 12.00
# Visual Studio Version 17
VisualStudioVersion = 17.13.35919.96 d17.13
MinimumVisualStudioVersion = 10.0.40219.1
Project("{FAE04EC0-301F-11D3-BF4B-00C04F79EFBC}") = "PRN231_SU25_SE173164.api", "PRN231_SU25_SE173164.api\PRN231_SU25_SE173164.api.csproj", "{F617A9A5-0532-4986-B0E1-ED7D868A33AE}"
EndProject
Project("{FAE04EC0-301F-11D3-BF4B-00C04F79EFBC}") = "PRN231_SU25_SE173164.dal", "PRN231_SU25_SE173164.dal\PRN231_SU25_SE173164.dal.csproj", "{C8ED789C-A5AB-44B7-9A0C-1CA02979D0B8}"
EndProject
Project("{FAE04EC0-301F-11D3-BF4B-00C04F79EFBC}") = "PRN231_SU25_SE173164.bll", "PRN231_SU25_SE173164.bll\PRN231_SU25_SE173164.bll.csproj", "{3EC35B56-42FD-435E-A63A-D1F8A54E2455}"
EndProject
Global
	GlobalSection(SolutionConfigurationPlatforms) = preSolution
		Debug|Any CPU = Debug|Any CPU
		Release|Any CPU = Release|Any CPU
	EndGlobalSection
	GlobalSection(ProjectConfigurationPlatforms) = postSolution
		{F617A9A5-0532-4986-B0E1-ED7D868A33AE}.Debug|Any CPU.ActiveCfg = Debug|Any CPU
		{F617A9A5-0532-4986-B0E1-ED7D868A33AE}.Debug|Any CPU.Build.0 = Debug|Any CPU
		{F617A9A5-0532-4986-B0E1-ED7D868A33AE}.Release|Any CPU.ActiveCfg = Release|Any CPU
		{F617A9A5-0532-4986-B0E1-ED7D868A33AE}.Release|Any CPU.Build.0 = Release|Any CPU
		{C8ED789C-A5AB-44B7-9A0C-1CA02979D0B8}.Debug|Any CPU.ActiveCfg = Debug|Any CPU
		{C8ED789C-A5AB-44B7-9A0C-1CA02979D0B8}.Debug|Any CPU.Build.0 = Debug|Any CPU
		{C8ED789C-A5AB-44B7-9A0C-1CA02979D0B8}.Release|Any CPU.ActiveCfg = Release|Any CPU
		{C8ED789C-A5AB-44B7-9A0C-1CA02979D0B8}.Release|Any CPU.Build.0 = Release|Any CPU
		{3EC35B56-42FD-435E-A63A-D1F8A54E2455}.Debug|Any CPU.ActiveCfg = Debug|Any CPU
		{3EC35B56-42FD-435E-A63A-D1F8A54E2455}.Debug|Any CPU.Build.0 = Debug|Any CPU
		{3EC35B56-42FD-435E-A63A-D1F8A54E2455}.Release|Any CPU.ActiveCfg = Release|Any CPU
		{3EC35B56-42FD-435E-A63A-D1F8A54E2455}.Release|Any CPU.Build.0 = Release|Any CPU
	EndGlobalSection
	GlobalSection(SolutionProperties) = preSolution
		HideSolutionNode = FALSE
	EndGlobalSection
	GlobalSection(ExtensibilityGlobals) = postSolution
		SolutionGuid = {EFE947C1-33AC-4F96-918A-7B4890CF49F1}
	EndGlobalSection
EndGlobal
