
Microsoft Visual Studio Solution File, Format Version 12.00
# Visual Studio Version 17
VisualStudioVersion = 17.9.34723.18
MinimumVisualStudioVersion = 10.0.40219.1
Project("{FAE04EC0-301F-11D3-BF4B-00C04F79EFBC}") = "PRN231_SU25_SE173175.api", "PRN231_SU25_SE173175.api\PRN231_SU25_SE173175.api.csproj", "{A91B2066-494C-4A81-91EE-FE62BA096F5E}"
EndProject
Project("{FAE04EC0-301F-11D3-BF4B-00C04F79EFBC}") = "PRN231_SU25_SE173175.Repository", "PRN231_SU25_SE173175.Repository\PRN231_SU25_SE173175.Repository.csproj", "{2DE81B04-1C53-49C2-AF2B-2586378D4BBB}"
EndProject
Project("{FAE04EC0-301F-11D3-BF4B-00C04F79EFBC}") = "PRN231_SU25_SE173175.Service", "PRN231_SU25_SE173175.Service\PRN231_SU25_SE173175.Service.csproj", "{9F464538-756D-464F-9B17-AB8ED3514820}"
EndProject
Global
	GlobalSection(SolutionConfigurationPlatforms) = preSolution
		Debug|Any CPU = Debug|Any CPU
		Release|Any CPU = Release|Any CPU
	EndGlobalSection
	GlobalSection(ProjectConfigurationPlatforms) = postSolution
		{A91B2066-494C-4A81-91EE-FE62BA096F5E}.Debug|Any CPU.ActiveCfg = Debug|Any CPU
		{A91B2066-494C-4A81-91EE-FE62BA096F5E}.Debug|Any CPU.Build.0 = Debug|Any CPU
		{A91B2066-494C-4A81-91EE-FE62BA096F5E}.Release|Any CPU.ActiveCfg = Release|Any CPU
		{A91B2066-494C-4A81-91EE-FE62BA096F5E}.Release|Any CPU.Build.0 = Release|Any CPU
		{2DE81B04-1C53-49C2-AF2B-2586378D4BBB}.Debug|Any CPU.ActiveCfg = Debug|Any CPU
		{2DE81B04-1C53-49C2-AF2B-2586378D4BBB}.Debug|Any CPU.Build.0 = Debug|Any CPU
		{2DE81B04-1C53-49C2-AF2B-2586378D4BBB}.Release|Any CPU.ActiveCfg = Release|Any CPU
		{2DE81B04-1C53-49C2-AF2B-2586378D4BBB}.Release|Any CPU.Build.0 = Release|Any CPU
		{9F464538-756D-464F-9B17-AB8ED3514820}.Debug|Any CPU.ActiveCfg = Debug|Any CPU
		{9F464538-756D-464F-9B17-AB8ED3514820}.Debug|Any CPU.Build.0 = Debug|Any CPU
		{9F464538-756D-464F-9B17-AB8ED3514820}.Release|Any CPU.ActiveCfg = Release|Any CPU
		{9F464538-756D-464F-9B17-AB8ED3514820}.Release|Any CPU.Build.0 = Release|Any CPU
	EndGlobalSection
	GlobalSection(SolutionProperties) = preSolution
		HideSolutionNode = FALSE
	EndGlobalSection
	GlobalSection(ExtensibilityGlobals) = postSolution
		SolutionGuid = {E95C0AFA-A400-4427-A47B-29978714E9F2}
	EndGlobalSection
EndGlobal
