
Microsoft Visual Studio Solution File, Format Version 12.00
# Visual Studio Version 17
VisualStudioVersion = 17.11.35303.130
MinimumVisualStudioVersion = 10.0.40219.1
Project("{FAE04EC0-301F-11D3-BF4B-00C04F79EFBC}") = "PRN232_SU25_SE183867.api", "PRN232_SU25_SE183867.api\PRN232_SU25_SE183867.api.csproj", "{63E2C07E-96B9-47A4-9AF8-C40DA6C1BCF6}"
EndProject
Project("{FAE04EC0-301F-11D3-BF4B-00C04F79EFBC}") = "PRN232_SU25_SE183867.service", "PRN232_SU25_SE183867.service\PRN232_SU25_SE183867.service.csproj", "{AE93AAC5-59B1-45D9-802B-2E2B23A9284E}"
EndProject
Project("{FAE04EC0-301F-11D3-BF4B-00C04F79EFBC}") = "PRN232_SU25_SE183867.repository", "PRN232_SU25_SE183867.repository\PRN232_SU25_SE183867.repository.csproj", "{FCA2B8F1-FA18-4D75-BF15-E49E386069EC}"
EndProject
Global
	GlobalSection(SolutionConfigurationPlatforms) = preSolution
		Debug|Any CPU = Debug|Any CPU
		Release|Any CPU = Release|Any CPU
	EndGlobalSection
	GlobalSection(ProjectConfigurationPlatforms) = postSolution
		{63E2C07E-96B9-47A4-9AF8-C40DA6C1BCF6}.Debug|Any CPU.ActiveCfg = Debug|Any CPU
		{63E2C07E-96B9-47A4-9AF8-C40DA6C1BCF6}.Debug|Any CPU.Build.0 = Debug|Any CPU
		{63E2C07E-96B9-47A4-9AF8-C40DA6C1BCF6}.Release|Any CPU.ActiveCfg = Release|Any CPU
		{63E2C07E-96B9-47A4-9AF8-C40DA6C1BCF6}.Release|Any CPU.Build.0 = Release|Any CPU
		{AE93AAC5-59B1-45D9-802B-2E2B23A9284E}.Debug|Any CPU.ActiveCfg = Debug|Any CPU
		{AE93AAC5-59B1-45D9-802B-2E2B23A9284E}.Debug|Any CPU.Build.0 = Debug|Any CPU
		{AE93AAC5-59B1-45D9-802B-2E2B23A9284E}.Release|Any CPU.ActiveCfg = Release|Any CPU
		{AE93AAC5-59B1-45D9-802B-2E2B23A9284E}.Release|Any CPU.Build.0 = Release|Any CPU
		{FCA2B8F1-FA18-4D75-BF15-E49E386069EC}.Debug|Any CPU.ActiveCfg = Debug|Any CPU
		{FCA2B8F1-FA18-4D75-BF15-E49E386069EC}.Debug|Any CPU.Build.0 = Debug|Any CPU
		{FCA2B8F1-FA18-4D75-BF15-E49E386069EC}.Release|Any CPU.ActiveCfg = Release|Any CPU
		{FCA2B8F1-FA18-4D75-BF15-E49E386069EC}.Release|Any CPU.Build.0 = Release|Any CPU
	EndGlobalSection
	GlobalSection(SolutionProperties) = preSolution
		HideSolutionNode = FALSE
	EndGlobalSection
	GlobalSection(ExtensibilityGlobals) = postSolution
		SolutionGuid = {03DBBBAA-A324-47A4-B001-F640CB145CF9}
	EndGlobalSection
EndGlobal
