
Microsoft Visual Studio Solution File, Format Version 12.00
# Visual Studio Version 17
VisualStudioVersion = 17.13.35825.156 d17.13
MinimumVisualStudioVersion = 10.0.40219.1
Project("{FAE04EC0-301F-11D3-BF4B-00C04F79EFBC}") = "Presentaion", "Presentaion\Presentaion.csproj", "{3FDDFCC5-F07B-4A76-87B4-6CCDD0390BF8}"
EndProject
Project("{FAE04EC0-301F-11D3-BF4B-00C04F79EFBC}") = "Bisiness", "Bisiness\Bisiness.csproj", "{FB5D1E31-8BE9-4DB4-965F-23B085E71C41}"
EndProject
Project("{FAE04EC0-301F-11D3-BF4B-00C04F79EFBC}") = "DataAccess", "DataAccess\DataAccess.csproj", "{20F850EA-EAA2-437D-8557-C024C88302A0}"
EndProject
Global
	GlobalSection(SolutionConfigurationPlatforms) = preSolution
		Debug|Any CPU = Debug|Any CPU
		Release|Any CPU = Release|Any CPU
	EndGlobalSection
	GlobalSection(ProjectConfigurationPlatforms) = postSolution
		{3FDDFCC5-F07B-4A76-87B4-6CCDD0390BF8}.Debug|Any CPU.ActiveCfg = Debug|Any CPU
		{3FDDFCC5-F07B-4A76-87B4-6CCDD0390BF8}.Debug|Any CPU.Build.0 = Debug|Any CPU
		{3FDDFCC5-F07B-4A76-87B4-6CCDD0390BF8}.Release|Any CPU.ActiveCfg = Release|Any CPU
		{3FDDFCC5-F07B-4A76-87B4-6CCDD0390BF8}.Release|Any CPU.Build.0 = Release|Any CPU
		{FB5D1E31-8BE9-4DB4-965F-23B085E71C41}.Debug|Any CPU.ActiveCfg = Debug|Any CPU
		{FB5D1E31-8BE9-4DB4-965F-23B085E71C41}.Debug|Any CPU.Build.0 = Debug|Any CPU
		{FB5D1E31-8BE9-4DB4-965F-23B085E71C41}.Release|Any CPU.ActiveCfg = Release|Any CPU
		{FB5D1E31-8BE9-4DB4-965F-23B085E71C41}.Release|Any CPU.Build.0 = Release|Any CPU
		{20F850EA-EAA2-437D-8557-C024C88302A0}.Debug|Any CPU.ActiveCfg = Debug|Any CPU
		{20F850EA-EAA2-437D-8557-C024C88302A0}.Debug|Any CPU.Build.0 = Debug|Any CPU
		{20F850EA-EAA2-437D-8557-C024C88302A0}.Release|Any CPU.ActiveCfg = Release|Any CPU
		{20F850EA-EAA2-437D-8557-C024C88302A0}.Release|Any CPU.Build.0 = Release|Any CPU
	EndGlobalSection
	GlobalSection(SolutionProperties) = preSolution
		HideSolutionNode = FALSE
	EndGlobalSection
	GlobalSection(ExtensibilityGlobals) = postSolution
		SolutionGuid = {FB8E1CF4-003B-4CB2-8D79-919DA7070CA0}
	EndGlobalSection
EndGlobal
