
Microsoft Visual Studio Solution File, Format Version 12.00
# Visual Studio Version 17
VisualStudioVersion = 17.14.36310.24 d17.14
MinimumVisualStudioVersion = 10.0.40219.1
Project("{FAE04EC0-301F-11D3-BF4B-00C04F79EFBC}") = "SU25Leopard.WebAPI", "SU25Leopard.WebAPI\SU25Leopard.WebAPI.csproj", "{21FA9251-4B8A-4AB2-9065-AFC51E01D6A0}"
EndProject
Project("{FAE04EC0-301F-11D3-BF4B-00C04F79EFBC}") = "SU25Leopard.BusinessObject", "SU25Leopard.BusinessObject\SU25Leopard.BusinessObject.csproj", "{144E2997-8A75-4697-BCA1-55A19C185B57}"
EndProject
Project("{FAE04EC0-301F-11D3-BF4B-00C04F79EFBC}") = "SU25Leopard.BusinessLogicLayer", "SU25Leopard.BusinessLogicLayer\SU25Leopard.BusinessLogicLayer.csproj", "{A6CD685D-3CDA-4D38-8F6F-80A8CE390B5A}"
EndProject
Project("{FAE04EC0-301F-11D3-BF4B-00C04F79EFBC}") = "SU25Leopard.DataAccessLayer", "SU25Leopard.DataAccessLayer\SU25Leopard.DataAccessLayer.csproj", "{140A31B3-55C8-4F6A-8D18-2E6902B5A20C}"
EndProject
Global
	GlobalSection(SolutionConfigurationPlatforms) = preSolution
		Debug|Any CPU = Debug|Any CPU
		Release|Any CPU = Release|Any CPU
	EndGlobalSection
	GlobalSection(ProjectConfigurationPlatforms) = postSolution
		{21FA9251-4B8A-4AB2-9065-AFC51E01D6A0}.Debug|Any CPU.ActiveCfg = Debug|Any CPU
		{21FA9251-4B8A-4AB2-9065-AFC51E01D6A0}.Debug|Any CPU.Build.0 = Debug|Any CPU
		{21FA9251-4B8A-4AB2-9065-AFC51E01D6A0}.Release|Any CPU.ActiveCfg = Release|Any CPU
		{21FA9251-4B8A-4AB2-9065-AFC51E01D6A0}.Release|Any CPU.Build.0 = Release|Any CPU
		{144E2997-8A75-4697-BCA1-55A19C185B57}.Debug|Any CPU.ActiveCfg = Debug|Any CPU
		{144E2997-8A75-4697-BCA1-55A19C185B57}.Debug|Any CPU.Build.0 = Debug|Any CPU
		{144E2997-8A75-4697-BCA1-55A19C185B57}.Release|Any CPU.ActiveCfg = Release|Any CPU
		{144E2997-8A75-4697-BCA1-55A19C185B57}.Release|Any CPU.Build.0 = Release|Any CPU
		{A6CD685D-3CDA-4D38-8F6F-80A8CE390B5A}.Debug|Any CPU.ActiveCfg = Debug|Any CPU
		{A6CD685D-3CDA-4D38-8F6F-80A8CE390B5A}.Debug|Any CPU.Build.0 = Debug|Any CPU
		{A6CD685D-3CDA-4D38-8F6F-80A8CE390B5A}.Release|Any CPU.ActiveCfg = Release|Any CPU
		{A6CD685D-3CDA-4D38-8F6F-80A8CE390B5A}.Release|Any CPU.Build.0 = Release|Any CPU
		{140A31B3-55C8-4F6A-8D18-2E6902B5A20C}.Debug|Any CPU.ActiveCfg = Debug|Any CPU
		{140A31B3-55C8-4F6A-8D18-2E6902B5A20C}.Debug|Any CPU.Build.0 = Debug|Any CPU
		{140A31B3-55C8-4F6A-8D18-2E6902B5A20C}.Release|Any CPU.ActiveCfg = Release|Any CPU
		{140A31B3-55C8-4F6A-8D18-2E6902B5A20C}.Release|Any CPU.Build.0 = Release|Any CPU
	EndGlobalSection
	GlobalSection(SolutionProperties) = preSolution
		HideSolutionNode = FALSE
	EndGlobalSection
	GlobalSection(ExtensibilityGlobals) = postSolution
		SolutionGuid = {BFB48A7A-D7FB-4F5F-814C-A09505917FEE}
	EndGlobalSection
EndGlobal
