
Microsoft Visual Studio Solution File, Format Version 12.00
# Visual Studio Version 17
VisualStudioVersion = 17.14.36109.1
MinimumVisualStudioVersion = 10.0.40219.1
Project("{FAE04EC0-301F-11D3-BF4B-00C04F79EFBC}") = "PRN231_SU25_SE184736.api", "PRN231_SU25_SE184736.api\PRN231_SU25_SE184736.api.csproj", "{357E292D-FDC3-4484-917B-12EFF78ABEB1}"
EndProject
Project("{FAE04EC0-301F-11D3-BF4B-00C04F79EFBC}") = "Services", "Services\Services.csproj", "{93017FE4-7931-40CD-82A3-75B167620EFA}"
EndProject
Project("{FAE04EC0-301F-11D3-BF4B-00C04F79EFBC}") = "Repositories", "Repositories\Repositories.csproj", "{9831F9AB-B1C3-4846-A42B-642894C74551}"
EndProject
Global
	GlobalSection(SolutionConfigurationPlatforms) = preSolution
		Debug|Any CPU = Debug|Any CPU
		Release|Any CPU = Release|Any CPU
	EndGlobalSection
	GlobalSection(ProjectConfigurationPlatforms) = postSolution
		{357E292D-FDC3-4484-917B-12EFF78ABEB1}.Debug|Any CPU.ActiveCfg = Debug|Any CPU
		{357E292D-FDC3-4484-917B-12EFF78ABEB1}.Debug|Any CPU.Build.0 = Debug|Any CPU
		{357E292D-FDC3-4484-917B-12EFF78ABEB1}.Release|Any CPU.ActiveCfg = Release|Any CPU
		{357E292D-FDC3-4484-917B-12EFF78ABEB1}.Release|Any CPU.Build.0 = Release|Any CPU
		{93017FE4-7931-40CD-82A3-75B167620EFA}.Debug|Any CPU.ActiveCfg = Debug|Any CPU
		{93017FE4-7931-40CD-82A3-75B167620EFA}.Debug|Any CPU.Build.0 = Debug|Any CPU
		{93017FE4-7931-40CD-82A3-75B167620EFA}.Release|Any CPU.ActiveCfg = Release|Any CPU
		{93017FE4-7931-40CD-82A3-75B167620EFA}.Release|Any CPU.Build.0 = Release|Any CPU
		{9831F9AB-B1C3-4846-A42B-642894C74551}.Debug|Any CPU.ActiveCfg = Debug|Any CPU
		{9831F9AB-B1C3-4846-A42B-642894C74551}.Debug|Any CPU.Build.0 = Debug|Any CPU
		{9831F9AB-B1C3-4846-A42B-642894C74551}.Release|Any CPU.ActiveCfg = Release|Any CPU
		{9831F9AB-B1C3-4846-A42B-642894C74551}.Release|Any CPU.Build.0 = Release|Any CPU
	EndGlobalSection
	GlobalSection(SolutionProperties) = preSolution
		HideSolutionNode = FALSE
	EndGlobalSection
	GlobalSection(ExtensibilityGlobals) = postSolution
		SolutionGuid = {D7DE0DC6-1ABA-4095-8D34-85CF54DA32E9}
	EndGlobalSection
EndGlobal
