
Microsoft Visual Studio Solution File, Format Version 12.00
# Visual Studio Version 17
VisualStudioVersion = 17.14.36109.1 d17.14
MinimumVisualStudioVersion = 10.0.40219.1
Project("{FAE04EC0-301F-11D3-BF4B-00C04F79EFBC}") = "DataAccessLayer", "DataAccessLayer\DataAccessLayer.csproj", "{7C3DCC31-B85F-483E-9838-7960FA1E35C2}"
EndProject
Project("{FAE04EC0-301F-11D3-BF4B-00C04F79EFBC}") = "BusinessLogicLayer", "BusinessLogicLayer\BusinessLogicLayer.csproj", "{72DF5296-985E-4AAE-A7B9-66966742CEBB}"
EndProject
Project("{FAE04EC0-301F-11D3-BF4B-00C04F79EFBC}") = "PRN232_SU25_SE180262.api", "PRN232_SU25_SE180262.api\PRN232_SU25_SE180262.api.csproj", "{1E96707C-061D-4B51-87E6-8EE0A51B243D}"
EndProject
Global
	GlobalSection(SolutionConfigurationPlatforms) = preSolution
		Debug|Any CPU = Debug|Any CPU
		Release|Any CPU = Release|Any CPU
	EndGlobalSection
	GlobalSection(ProjectConfigurationPlatforms) = postSolution
		{7C3DCC31-B85F-483E-9838-7960FA1E35C2}.Debug|Any CPU.ActiveCfg = Debug|Any CPU
		{7C3DCC31-B85F-483E-9838-7960FA1E35C2}.Debug|Any CPU.Build.0 = Debug|Any CPU
		{7C3DCC31-B85F-483E-9838-7960FA1E35C2}.Release|Any CPU.ActiveCfg = Release|Any CPU
		{7C3DCC31-B85F-483E-9838-7960FA1E35C2}.Release|Any CPU.Build.0 = Release|Any CPU
		{72DF5296-985E-4AAE-A7B9-66966742CEBB}.Debug|Any CPU.ActiveCfg = Debug|Any CPU
		{72DF5296-985E-4AAE-A7B9-66966742CEBB}.Debug|Any CPU.Build.0 = Debug|Any CPU
		{72DF5296-985E-4AAE-A7B9-66966742CEBB}.Release|Any CPU.ActiveCfg = Release|Any CPU
		{72DF5296-985E-4AAE-A7B9-66966742CEBB}.Release|Any CPU.Build.0 = Release|Any CPU
		{1E96707C-061D-4B51-87E6-8EE0A51B243D}.Debug|Any CPU.ActiveCfg = Debug|Any CPU
		{1E96707C-061D-4B51-87E6-8EE0A51B243D}.Debug|Any CPU.Build.0 = Debug|Any CPU
		{1E96707C-061D-4B51-87E6-8EE0A51B243D}.Release|Any CPU.ActiveCfg = Release|Any CPU
		{1E96707C-061D-4B51-87E6-8EE0A51B243D}.Release|Any CPU.Build.0 = Release|Any CPU
	EndGlobalSection
	GlobalSection(SolutionProperties) = preSolution
		HideSolutionNode = FALSE
	EndGlobalSection
	GlobalSection(ExtensibilityGlobals) = postSolution
		SolutionGuid = {FDA34330-CA4A-4D54-931B-556C57971490}
	EndGlobalSection
EndGlobal
