
Microsoft Visual Studio Solution File, Format Version 12.00
# Visual Studio Version 17
VisualStudioVersion = 17.13.35818.85
MinimumVisualStudioVersion = 10.0.40219.1
Project("{FAE04EC0-301F-11D3-BF4B-00C04F79EFBC}") = "PRN231_SU25_SE183026.api", "PRN231_SU25_SE183026.api\PRN231_SU25_SE183026.api.csproj", "{795D71D0-A104-4242-89E3-C383FDCB5092}"
EndProject
Project("{FAE04EC0-301F-11D3-BF4B-00C04F79EFBC}") = "DAO", "DAO\DAO.csproj", "{8D59A40A-2E46-4FCA-9142-C4241FF4169B}"
EndProject
Project("{FAE04EC0-301F-11D3-BF4B-00C04F79EFBC}") = "Repository", "Repository\Repository.csproj", "{9F943BE4-A8D2-407B-A024-7B9F3A0300EE}"
EndProject
Project("{FAE04EC0-301F-11D3-BF4B-00C04F79EFBC}") = "Service", "Service\Service.csproj", "{0375AB6A-D351-4106-B554-E95469400ECB}"
EndProject
Global
	GlobalSection(SolutionConfigurationPlatforms) = preSolution
		Debug|Any CPU = Debug|Any CPU
		Release|Any CPU = Release|Any CPU
	EndGlobalSection
	GlobalSection(ProjectConfigurationPlatforms) = postSolution
		{795D71D0-A104-4242-89E3-C383FDCB5092}.Debug|Any CPU.ActiveCfg = Debug|Any CPU
		{795D71D0-A104-4242-89E3-C383FDCB5092}.Debug|Any CPU.Build.0 = Debug|Any CPU
		{795D71D0-A104-4242-89E3-C383FDCB5092}.Release|Any CPU.ActiveCfg = Release|Any CPU
		{795D71D0-A104-4242-89E3-C383FDCB5092}.Release|Any CPU.Build.0 = Release|Any CPU
		{8D59A40A-2E46-4FCA-9142-C4241FF4169B}.Debug|Any CPU.ActiveCfg = Debug|Any CPU
		{8D59A40A-2E46-4FCA-9142-C4241FF4169B}.Debug|Any CPU.Build.0 = Debug|Any CPU
		{8D59A40A-2E46-4FCA-9142-C4241FF4169B}.Release|Any CPU.ActiveCfg = Release|Any CPU
		{8D59A40A-2E46-4FCA-9142-C4241FF4169B}.Release|Any CPU.Build.0 = Release|Any CPU
		{9F943BE4-A8D2-407B-A024-7B9F3A0300EE}.Debug|Any CPU.ActiveCfg = Debug|Any CPU
		{9F943BE4-A8D2-407B-A024-7B9F3A0300EE}.Debug|Any CPU.Build.0 = Debug|Any CPU
		{9F943BE4-A8D2-407B-A024-7B9F3A0300EE}.Release|Any CPU.ActiveCfg = Release|Any CPU
		{9F943BE4-A8D2-407B-A024-7B9F3A0300EE}.Release|Any CPU.Build.0 = Release|Any CPU
		{0375AB6A-D351-4106-B554-E95469400ECB}.Debug|Any CPU.ActiveCfg = Debug|Any CPU
		{0375AB6A-D351-4106-B554-E95469400ECB}.Debug|Any CPU.Build.0 = Debug|Any CPU
		{0375AB6A-D351-4106-B554-E95469400ECB}.Release|Any CPU.ActiveCfg = Release|Any CPU
		{0375AB6A-D351-4106-B554-E95469400ECB}.Release|Any CPU.Build.0 = Release|Any CPU
	EndGlobalSection
	GlobalSection(SolutionProperties) = preSolution
		HideSolutionNode = FALSE
	EndGlobalSection
	GlobalSection(ExtensibilityGlobals) = postSolution
		SolutionGuid = {D4AB1A69-03E0-4F79-B6F1-553E46BFC998}
	EndGlobalSection
EndGlobal
