
Microsoft Visual Studio Solution File, Format Version 12.00
# Visual Studio Version 17
VisualStudioVersion = 17.9.34728.123
MinimumVisualStudioVersion = 10.0.40219.1
Project("{FAE04EC0-301F-11D3-BF4B-00C04F79EFBC}") = "PRN231_SU25_SE170077.api", "PRN231_SU25_SE170077.api\PRN231_SU25_SE170077.api.csproj", "{9EB715AE-AB5E-4766-AA84-DDC5CBB404C1}"
EndProject
Project("{FAE04EC0-301F-11D3-BF4B-00C04F79EFBC}") = "BLL", "BLL\BLL.csproj", "{2FDA2D6B-6E9D-45B1-A4DC-9D024B1DCAF2}"
EndProject
Project("{FAE04EC0-301F-11D3-BF4B-00C04F79EFBC}") = "DAL", "DAL\DAL.csproj", "{E658243D-5BFF-4BBF-BE4D-300FA637ACC1}"
EndProject
Global
	GlobalSection(SolutionConfigurationPlatforms) = preSolution
		Debug|Any CPU = Debug|Any CPU
		Release|Any CPU = Release|Any CPU
	EndGlobalSection
	GlobalSection(ProjectConfigurationPlatforms) = postSolution
		{9EB715AE-AB5E-4766-AA84-DDC5CBB404C1}.Debug|Any CPU.ActiveCfg = Debug|Any CPU
		{9EB715AE-AB5E-4766-AA84-DDC5CBB404C1}.Debug|Any CPU.Build.0 = Debug|Any CPU
		{9EB715AE-AB5E-4766-AA84-DDC5CBB404C1}.Release|Any CPU.ActiveCfg = Release|Any CPU
		{9EB715AE-AB5E-4766-AA84-DDC5CBB404C1}.Release|Any CPU.Build.0 = Release|Any CPU
		{2FDA2D6B-6E9D-45B1-A4DC-9D024B1DCAF2}.Debug|Any CPU.ActiveCfg = Debug|Any CPU
		{2FDA2D6B-6E9D-45B1-A4DC-9D024B1DCAF2}.Debug|Any CPU.Build.0 = Debug|Any CPU
		{2FDA2D6B-6E9D-45B1-A4DC-9D024B1DCAF2}.Release|Any CPU.ActiveCfg = Release|Any CPU
		{2FDA2D6B-6E9D-45B1-A4DC-9D024B1DCAF2}.Release|Any CPU.Build.0 = Release|Any CPU
		{E658243D-5BFF-4BBF-BE4D-300FA637ACC1}.Debug|Any CPU.ActiveCfg = Debug|Any CPU
		{E658243D-5BFF-4BBF-BE4D-300FA637ACC1}.Debug|Any CPU.Build.0 = Debug|Any CPU
		{E658243D-5BFF-4BBF-BE4D-300FA637ACC1}.Release|Any CPU.ActiveCfg = Release|Any CPU
		{E658243D-5BFF-4BBF-BE4D-300FA637ACC1}.Release|Any CPU.Build.0 = Release|Any CPU
	EndGlobalSection
	GlobalSection(SolutionProperties) = preSolution
		HideSolutionNode = FALSE
	EndGlobalSection
	GlobalSection(ExtensibilityGlobals) = postSolution
		SolutionGuid = {D37C891F-0FA2-4D53-8F13-AE807AA9F9E6}
	EndGlobalSection
EndGlobal
