
Microsoft Visual Studio Solution File, Format Version 12.00
# Visual Studio Version 17
VisualStudioVersion = 17.14.36301.6 d17.14
MinimumVisualStudioVersion = 10.0.40219.1
Project("{FAE04EC0-301F-11D3-BF4B-00C04F79EFBC}") = "PRN231_SU25_SE182328.api", "PRN231_SU25_SE182328.api\PRN231_SU25_SE182328.api.csproj", "{3CA212CA-FF90-49E2-8787-7AB20D4EAF47}"
EndProject
Project("{FAE04EC0-301F-11D3-BF4B-00C04F79EFBC}") = "BusinessObjects", "BusinessObjects\BusinessObjects.csproj", "{BDAEBECE-19B1-4D60-95CE-AE7A522A8B83}"
EndProject
Project("{FAE04EC0-301F-11D3-BF4B-00C04F79EFBC}") = "Repositories", "Repositories\Repositories.csproj", "{12A2B10C-7A2D-43D2-BBE3-340141B5BBB9}"
EndProject
Project("{FAE04EC0-301F-11D3-BF4B-00C04F79EFBC}") = "DAO", "DAO\DAO.csproj", "{E57F499B-D0E0-4D26-B589-3D6CAEDA8233}"
EndProject
Project("{FAE04EC0-301F-11D3-BF4B-00C04F79EFBC}") = "Services", "Services\Services.csproj", "{C479DD3F-3DAC-44B5-88AA-47DD0184F802}"
EndProject
Global
	GlobalSection(SolutionConfigurationPlatforms) = preSolution
		Debug|Any CPU = Debug|Any CPU
		Release|Any CPU = Release|Any CPU
	EndGlobalSection
	GlobalSection(ProjectConfigurationPlatforms) = postSolution
		{3CA212CA-FF90-49E2-8787-7AB20D4EAF47}.Debug|Any CPU.ActiveCfg = Debug|Any CPU
		{3CA212CA-FF90-49E2-8787-7AB20D4EAF47}.Debug|Any CPU.Build.0 = Debug|Any CPU
		{3CA212CA-FF90-49E2-8787-7AB20D4EAF47}.Release|Any CPU.ActiveCfg = Release|Any CPU
		{3CA212CA-FF90-49E2-8787-7AB20D4EAF47}.Release|Any CPU.Build.0 = Release|Any CPU
		{BDAEBECE-19B1-4D60-95CE-AE7A522A8B83}.Debug|Any CPU.ActiveCfg = Debug|Any CPU
		{BDAEBECE-19B1-4D60-95CE-AE7A522A8B83}.Debug|Any CPU.Build.0 = Debug|Any CPU
		{BDAEBECE-19B1-4D60-95CE-AE7A522A8B83}.Release|Any CPU.ActiveCfg = Release|Any CPU
		{BDAEBECE-19B1-4D60-95CE-AE7A522A8B83}.Release|Any CPU.Build.0 = Release|Any CPU
		{12A2B10C-7A2D-43D2-BBE3-340141B5BBB9}.Debug|Any CPU.ActiveCfg = Debug|Any CPU
		{12A2B10C-7A2D-43D2-BBE3-340141B5BBB9}.Debug|Any CPU.Build.0 = Debug|Any CPU
		{12A2B10C-7A2D-43D2-BBE3-340141B5BBB9}.Release|Any CPU.ActiveCfg = Release|Any CPU
		{12A2B10C-7A2D-43D2-BBE3-340141B5BBB9}.Release|Any CPU.Build.0 = Release|Any CPU
		{E57F499B-D0E0-4D26-B589-3D6CAEDA8233}.Debug|Any CPU.ActiveCfg = Debug|Any CPU
		{E57F499B-D0E0-4D26-B589-3D6CAEDA8233}.Debug|Any CPU.Build.0 = Debug|Any CPU
		{E57F499B-D0E0-4D26-B589-3D6CAEDA8233}.Release|Any CPU.ActiveCfg = Release|Any CPU
		{E57F499B-D0E0-4D26-B589-3D6CAEDA8233}.Release|Any CPU.Build.0 = Release|Any CPU
		{C479DD3F-3DAC-44B5-88AA-47DD0184F802}.Debug|Any CPU.ActiveCfg = Debug|Any CPU
		{C479DD3F-3DAC-44B5-88AA-47DD0184F802}.Debug|Any CPU.Build.0 = Debug|Any CPU
		{C479DD3F-3DAC-44B5-88AA-47DD0184F802}.Release|Any CPU.ActiveCfg = Release|Any CPU
		{C479DD3F-3DAC-44B5-88AA-47DD0184F802}.Release|Any CPU.Build.0 = Release|Any CPU
	EndGlobalSection
	GlobalSection(SolutionProperties) = preSolution
		HideSolutionNode = FALSE
	EndGlobalSection
	GlobalSection(ExtensibilityGlobals) = postSolution
		SolutionGuid = {CFE597BB-DAB1-43F0-8DBB-E1CFB9B15B6C}
	EndGlobalSection
EndGlobal
