
Microsoft Visual Studio Solution File, Format Version 12.00
# Visual Studio Version 17
VisualStudioVersion = 17.0.31903.59
MinimumVisualStudioVersion = 10.0.40219.1
Project("{FAE04EC0-301F-11D3-BF4B-00C04F79EFBC}") = "PRN231_SU25_SE181580.api", "PRN231_SU25_SE181580.api\PRN231_SU25_SE181580.api.csproj", "{C6ADE6C8-49EC-48ED-9FD0-3C19B2CBB4B6}"
EndProject
Project("{FAE04EC0-301F-11D3-BF4B-00C04F79EFBC}") = "PRN231_SU25_SE181580.BLL", "PRN231_SU25_SE181580.BLL\PRN231_SU25_SE181580.BLL.csproj", "{60FB2030-BE02-4E97-B166-2BA0DAEADE7F}"
EndProject
Project("{FAE04EC0-301F-11D3-BF4B-00C04F79EFBC}") = "PRN231_SU25_SE181580.DAL", "PRN231_SU25_SE181580.DAL\PRN231_SU25_SE181580.DAL.csproj", "{8B6F9155-B2CD-4B04-BB29-82ACF7A110D2}"
EndProject
Global
	GlobalSection(SolutionConfigurationPlatforms) = preSolution
		Debug|Any CPU = Debug|Any CPU
		Release|Any CPU = Release|Any CPU
	EndGlobalSection
	GlobalSection(SolutionProperties) = preSolution
		HideSolutionNode = FALSE
	EndGlobalSection
	GlobalSection(ProjectConfigurationPlatforms) = postSolution
		{C6ADE6C8-49EC-48ED-9FD0-3C19B2CBB4B6}.Debug|Any CPU.ActiveCfg = Debug|Any CPU
		{C6ADE6C8-49EC-48ED-9FD0-3C19B2CBB4B6}.Debug|Any CPU.Build.0 = Debug|Any CPU
		{C6ADE6C8-49EC-48ED-9FD0-3C19B2CBB4B6}.Release|Any CPU.ActiveCfg = Release|Any CPU
		{C6ADE6C8-49EC-48ED-9FD0-3C19B2CBB4B6}.Release|Any CPU.Build.0 = Release|Any CPU
		{60FB2030-BE02-4E97-B166-2BA0DAEADE7F}.Debug|Any CPU.ActiveCfg = Debug|Any CPU
		{60FB2030-BE02-4E97-B166-2BA0DAEADE7F}.Debug|Any CPU.Build.0 = Debug|Any CPU
		{60FB2030-BE02-4E97-B166-2BA0DAEADE7F}.Release|Any CPU.ActiveCfg = Release|Any CPU
		{60FB2030-BE02-4E97-B166-2BA0DAEADE7F}.Release|Any CPU.Build.0 = Release|Any CPU
		{8B6F9155-B2CD-4B04-BB29-82ACF7A110D2}.Debug|Any CPU.ActiveCfg = Debug|Any CPU
		{8B6F9155-B2CD-4B04-BB29-82ACF7A110D2}.Debug|Any CPU.Build.0 = Debug|Any CPU
		{8B6F9155-B2CD-4B04-BB29-82ACF7A110D2}.Release|Any CPU.ActiveCfg = Release|Any CPU
		{8B6F9155-B2CD-4B04-BB29-82ACF7A110D2}.Release|Any CPU.Build.0 = Release|Any CPU
	EndGlobalSection
EndGlobal
