
Microsoft Visual Studio Solution File, Format Version 12.00
# Visual Studio Version 17
VisualStudioVersion = 17.13.35825.156 d17.13
MinimumVisualStudioVersion = 10.0.40219.1
Project("{FAE04EC0-301F-11D3-BF4B-00C04F79EFBC}") = "PRN231_SU25_SE184437.api", "PRN231_SU25_SE184437.api\PRN231_SU25_SE184437.api.csproj", "{EDD305A7-DD6E-4E56-9723-4F30996D54D9}"
EndProject
Project("{FAE04EC0-301F-11D3-BF4B-00C04F79EFBC}") = "PRN231_SU25_SE184437.DAL", "PRN231_SU25_SE184437.DAL\PRN231_SU25_SE184437.DAL.csproj", "{3CDB9D5C-449E-4E13-87D9-FB114D879910}"
EndProject
Project("{FAE04EC0-301F-11D3-BF4B-00C04F79EFBC}") = "PRN231_SU25_SE184437.BLL", "PRN231_SU25_SE184437.BLL\PRN231_SU25_SE184437.BLL.csproj", "{48CDC6EF-7A8D-4996-98B1-845E930106B4}"
EndProject
Global
	GlobalSection(SolutionConfigurationPlatforms) = preSolution
		Debug|Any CPU = Debug|Any CPU
		Release|Any CPU = Release|Any CPU
	EndGlobalSection
	GlobalSection(ProjectConfigurationPlatforms) = postSolution
		{EDD305A7-DD6E-4E56-9723-4F30996D54D9}.Debug|Any CPU.ActiveCfg = Debug|Any CPU
		{EDD305A7-DD6E-4E56-9723-4F30996D54D9}.Debug|Any CPU.Build.0 = Debug|Any CPU
		{EDD305A7-DD6E-4E56-9723-4F30996D54D9}.Release|Any CPU.ActiveCfg = Release|Any CPU
		{EDD305A7-DD6E-4E56-9723-4F30996D54D9}.Release|Any CPU.Build.0 = Release|Any CPU
		{3CDB9D5C-449E-4E13-87D9-FB114D879910}.Debug|Any CPU.ActiveCfg = Debug|Any CPU
		{3CDB9D5C-449E-4E13-87D9-FB114D879910}.Debug|Any CPU.Build.0 = Debug|Any CPU
		{3CDB9D5C-449E-4E13-87D9-FB114D879910}.Release|Any CPU.ActiveCfg = Release|Any CPU
		{3CDB9D5C-449E-4E13-87D9-FB114D879910}.Release|Any CPU.Build.0 = Release|Any CPU
		{48CDC6EF-7A8D-4996-98B1-845E930106B4}.Debug|Any CPU.ActiveCfg = Debug|Any CPU
		{48CDC6EF-7A8D-4996-98B1-845E930106B4}.Debug|Any CPU.Build.0 = Debug|Any CPU
		{48CDC6EF-7A8D-4996-98B1-845E930106B4}.Release|Any CPU.ActiveCfg = Release|Any CPU
		{48CDC6EF-7A8D-4996-98B1-845E930106B4}.Release|Any CPU.Build.0 = Release|Any CPU
	EndGlobalSection
	GlobalSection(SolutionProperties) = preSolution
		HideSolutionNode = FALSE
	EndGlobalSection
	GlobalSection(ExtensibilityGlobals) = postSolution
		SolutionGuid = {7B4188C7-7186-4075-9DD8-AF8000B8FB7F}
	EndGlobalSection
EndGlobal
