
Microsoft Visual Studio Solution File, Format Version 12.00
# Visual Studio Version 17
VisualStudioVersion = 17.14.36310.24 d17.14
MinimumVisualStudioVersion = 10.0.40219.1
Project("{FAE04EC0-301F-11D3-BF4B-00C04F79EFBC}") = "PRN231_SU25_SE184012.api", "PRN231_SU25_SE184012.api\PRN231_SU25_SE184012.api.csproj", "{F9D52F69-0555-4F5E-A4DC-C92DF2FD093E}"
EndProject
Project("{FAE04EC0-301F-11D3-BF4B-00C04F79EFBC}") = "Repo", "Repo\Repo.csproj", "{2B8ED10C-0A78-4DDB-8E66-404CEC39A025}"
EndProject
Project("{FAE04EC0-301F-11D3-BF4B-00C04F79EFBC}") = "Service", "Service\Service.csproj", "{5B4B4252-D67B-4EDB-93F6-EBEF5AC0EEC8}"
EndProject
Global
	GlobalSection(SolutionConfigurationPlatforms) = preSolution
		Debug|Any CPU = Debug|Any CPU
		Release|Any CPU = Release|Any CPU
	EndGlobalSection
	GlobalSection(ProjectConfigurationPlatforms) = postSolution
		{F9D52F69-0555-4F5E-A4DC-C92DF2FD093E}.Debug|Any CPU.ActiveCfg = Debug|Any CPU
		{F9D52F69-0555-4F5E-A4DC-C92DF2FD093E}.Debug|Any CPU.Build.0 = Debug|Any CPU
		{F9D52F69-0555-4F5E-A4DC-C92DF2FD093E}.Release|Any CPU.ActiveCfg = Release|Any CPU
		{F9D52F69-0555-4F5E-A4DC-C92DF2FD093E}.Release|Any CPU.Build.0 = Release|Any CPU
		{2B8ED10C-0A78-4DDB-8E66-404CEC39A025}.Debug|Any CPU.ActiveCfg = Debug|Any CPU
		{2B8ED10C-0A78-4DDB-8E66-404CEC39A025}.Debug|Any CPU.Build.0 = Debug|Any CPU
		{2B8ED10C-0A78-4DDB-8E66-404CEC39A025}.Release|Any CPU.ActiveCfg = Release|Any CPU
		{2B8ED10C-0A78-4DDB-8E66-404CEC39A025}.Release|Any CPU.Build.0 = Release|Any CPU
		{5B4B4252-D67B-4EDB-93F6-EBEF5AC0EEC8}.Debug|Any CPU.ActiveCfg = Debug|Any CPU
		{5B4B4252-D67B-4EDB-93F6-EBEF5AC0EEC8}.Debug|Any CPU.Build.0 = Debug|Any CPU
		{5B4B4252-D67B-4EDB-93F6-EBEF5AC0EEC8}.Release|Any CPU.ActiveCfg = Release|Any CPU
		{5B4B4252-D67B-4EDB-93F6-EBEF5AC0EEC8}.Release|Any CPU.Build.0 = Release|Any CPU
	EndGlobalSection
	GlobalSection(SolutionProperties) = preSolution
		HideSolutionNode = FALSE
	EndGlobalSection
	GlobalSection(ExtensibilityGlobals) = postSolution
		SolutionGuid = {EE35C272-7862-4211-ACD5-A4B7BE7FDB51}
	EndGlobalSection
EndGlobal
