
Microsoft Visual Studio Solution File, Format Version 12.00
# Visual Studio Version 17
VisualStudioVersion = 17.14.36301.6 d17.14
MinimumVisualStudioVersion = 10.0.40219.1
Project("{FAE04EC0-301F-11D3-BF4B-00C04F79EFBC}") = "PRN231_SU25_SE161141", "PRN231_SU25_SE161141\PRN231_SU25_SE161141.csproj", "{9E389AEE-25C5-4498-8132-78BC8BC8203D}"
EndProject
Project("{FAE04EC0-301F-11D3-BF4B-00C04F79EFBC}") = "Repository", "Repository\Repository.csproj", "{8337B875-3E5D-4042-A28F-22549FB2B2CA}"
EndProject
Project("{FAE04EC0-301F-11D3-BF4B-00C04F79EFBC}") = "Service", "Service\Service.csproj", "{B93936F9-F451-470F-9515-C6CDBF70B56A}"
EndProject
Global
	GlobalSection(SolutionConfigurationPlatforms) = preSolution
		Debug|Any CPU = Debug|Any CPU
		Release|Any CPU = Release|Any CPU
	EndGlobalSection
	GlobalSection(ProjectConfigurationPlatforms) = postSolution
		{9E389AEE-25C5-4498-8132-78BC8BC8203D}.Debug|Any CPU.ActiveCfg = Debug|Any CPU
		{9E389AEE-25C5-4498-8132-78BC8BC8203D}.Debug|Any CPU.Build.0 = Debug|Any CPU
		{9E389AEE-25C5-4498-8132-78BC8BC8203D}.Release|Any CPU.ActiveCfg = Release|Any CPU
		{9E389AEE-25C5-4498-8132-78BC8BC8203D}.Release|Any CPU.Build.0 = Release|Any CPU
		{8337B875-3E5D-4042-A28F-22549FB2B2CA}.Debug|Any CPU.ActiveCfg = Debug|Any CPU
		{8337B875-3E5D-4042-A28F-22549FB2B2CA}.Debug|Any CPU.Build.0 = Debug|Any CPU
		{8337B875-3E5D-4042-A28F-22549FB2B2CA}.Release|Any CPU.ActiveCfg = Release|Any CPU
		{8337B875-3E5D-4042-A28F-22549FB2B2CA}.Release|Any CPU.Build.0 = Release|Any CPU
		{B93936F9-F451-470F-9515-C6CDBF70B56A}.Debug|Any CPU.ActiveCfg = Debug|Any CPU
		{B93936F9-F451-470F-9515-C6CDBF70B56A}.Debug|Any CPU.Build.0 = Debug|Any CPU
		{B93936F9-F451-470F-9515-C6CDBF70B56A}.Release|Any CPU.ActiveCfg = Release|Any CPU
		{B93936F9-F451-470F-9515-C6CDBF70B56A}.Release|Any CPU.Build.0 = Release|Any CPU
	EndGlobalSection
	GlobalSection(SolutionProperties) = preSolution
		HideSolutionNode = FALSE
	EndGlobalSection
	GlobalSection(ExtensibilityGlobals) = postSolution
		SolutionGuid = {F9B51241-B879-4B8D-A947-89234FFE1B40}
	EndGlobalSection
EndGlobal
