
Microsoft Visual Studio Solution File, Format Version 12.00
# Visual Studio Version 17
VisualStudioVersion = 17.9.34728.123
MinimumVisualStudioVersion = 10.0.40219.1
Project("{FAE04EC0-301F-11D3-BF4B-00C04F79EFBC}") = "MinhHungSE184183", "MinhHungSE184183.csproj", "{2E1D06C7-7E62-4C5F-B321-C13FE23CD5AD}"
EndProject
Project("{FAE04EC0-301F-11D3-BF4B-00C04F79EFBC}") = "Repositories", "..\Repositories\Repositories.csproj", "{74481D44-0EAB-4D84-8DA9-1B287A1DA215}"
EndProject
Project("{FAE04EC0-301F-11D3-BF4B-00C04F79EFBC}") = "Services", "..\Services\Services.csproj", "{92F38E0F-A2C1-4B20-BEB4-6E7305815D5F}"
EndProject
Global
	GlobalSection(SolutionConfigurationPlatforms) = preSolution
		Debug|Any CPU = Debug|Any CPU
		Release|Any CPU = Release|Any CPU
	EndGlobalSection
	GlobalSection(ProjectConfigurationPlatforms) = postSolution
		{2E1D06C7-7E62-4C5F-B321-C13FE23CD5AD}.Debug|Any CPU.ActiveCfg = Debug|Any CPU
		{2E1D06C7-7E62-4C5F-B321-C13FE23CD5AD}.Debug|Any CPU.Build.0 = Debug|Any CPU
		{2E1D06C7-7E62-4C5F-B321-C13FE23CD5AD}.Release|Any CPU.ActiveCfg = Release|Any CPU
		{2E1D06C7-7E62-4C5F-B321-C13FE23CD5AD}.Release|Any CPU.Build.0 = Release|Any CPU
		{74481D44-0EAB-4D84-8DA9-1B287A1DA215}.Debug|Any CPU.ActiveCfg = Debug|Any CPU
		{74481D44-0EAB-4D84-8DA9-1B287A1DA215}.Debug|Any CPU.Build.0 = Debug|Any CPU
		{74481D44-0EAB-4D84-8DA9-1B287A1DA215}.Release|Any CPU.ActiveCfg = Release|Any CPU
		{74481D44-0EAB-4D84-8DA9-1B287A1DA215}.Release|Any CPU.Build.0 = Release|Any CPU
		{92F38E0F-A2C1-4B20-BEB4-6E7305815D5F}.Debug|Any CPU.ActiveCfg = Debug|Any CPU
		{92F38E0F-A2C1-4B20-BEB4-6E7305815D5F}.Debug|Any CPU.Build.0 = Debug|Any CPU
		{92F38E0F-A2C1-4B20-BEB4-6E7305815D5F}.Release|Any CPU.ActiveCfg = Release|Any CPU
		{92F38E0F-A2C1-4B20-BEB4-6E7305815D5F}.Release|Any CPU.Build.0 = Release|Any CPU
	EndGlobalSection
	GlobalSection(SolutionProperties) = preSolution
		HideSolutionNode = FALSE
	EndGlobalSection
	GlobalSection(ExtensibilityGlobals) = postSolution
		SolutionGuid = {358D959F-F6E2-4D93-9973-9697B605DEC4}
	EndGlobalSection
EndGlobal
