
Microsoft Visual Studio Solution File, Format Version 12.00
# Visual Studio Version 17
VisualStudioVersion = 17.14.36203.30 d17.14
MinimumVisualStudioVersion = 10.0.40219.1
Project("{FAE04EC0-301F-11D3-BF4B-00C04F79EFBC}") = "PRN231_SU25_SE184278.api", "PRN231_SU25_SE184278.api\PRN231_SU25_SE184278.api.csproj", "{2E9D019E-EE00-40D2-94F7-109E67932EC1}"
EndProject
Project("{FAE04EC0-301F-11D3-BF4B-00C04F79EFBC}") = "PRN231_SU25_SE184278.repositories", "PRN231_SU25_SE184278.repositories\PRN231_SU25_SE184278.repositories.csproj", "{0C609FE9-612D-411B-B2B2-BC56E023FA23}"
EndProject
Project("{FAE04EC0-301F-11D3-BF4B-00C04F79EFBC}") = "PRN231_SU25_SE184278.services", "PRN231_SU25_SE184278.services\PRN231_SU25_SE184278.services.csproj", "{94E3945B-8FAD-4123-8298-5B69F4B9B221}"
EndProject
Global
	GlobalSection(SolutionConfigurationPlatforms) = preSolution
		Debug|Any CPU = Debug|Any CPU
		Release|Any CPU = Release|Any CPU
	EndGlobalSection
	GlobalSection(ProjectConfigurationPlatforms) = postSolution
		{2E9D019E-EE00-40D2-94F7-109E67932EC1}.Debug|Any CPU.ActiveCfg = Debug|Any CPU
		{2E9D019E-EE00-40D2-94F7-109E67932EC1}.Debug|Any CPU.Build.0 = Debug|Any CPU
		{2E9D019E-EE00-40D2-94F7-109E67932EC1}.Release|Any CPU.ActiveCfg = Release|Any CPU
		{2E9D019E-EE00-40D2-94F7-109E67932EC1}.Release|Any CPU.Build.0 = Release|Any CPU
		{0C609FE9-612D-411B-B2B2-BC56E023FA23}.Debug|Any CPU.ActiveCfg = Debug|Any CPU
		{0C609FE9-612D-411B-B2B2-BC56E023FA23}.Debug|Any CPU.Build.0 = Debug|Any CPU
		{0C609FE9-612D-411B-B2B2-BC56E023FA23}.Release|Any CPU.ActiveCfg = Release|Any CPU
		{0C609FE9-612D-411B-B2B2-BC56E023FA23}.Release|Any CPU.Build.0 = Release|Any CPU
		{94E3945B-8FAD-4123-8298-5B69F4B9B221}.Debug|Any CPU.ActiveCfg = Debug|Any CPU
		{94E3945B-8FAD-4123-8298-5B69F4B9B221}.Debug|Any CPU.Build.0 = Debug|Any CPU
		{94E3945B-8FAD-4123-8298-5B69F4B9B221}.Release|Any CPU.ActiveCfg = Release|Any CPU
		{94E3945B-8FAD-4123-8298-5B69F4B9B221}.Release|Any CPU.Build.0 = Release|Any CPU
	EndGlobalSection
	GlobalSection(SolutionProperties) = preSolution
		HideSolutionNode = FALSE
	EndGlobalSection
	GlobalSection(ExtensibilityGlobals) = postSolution
		SolutionGuid = {520C6564-6BF0-4A61-8525-3DACF025A848}
	EndGlobalSection
EndGlobal
