
Microsoft Visual Studio Solution File, Format Version 12.00
# Visual Studio Version 17
VisualStudioVersion = 17.9.34728.123
MinimumVisualStudioVersion = 10.0.40219.1
Project("{FAE04EC0-301F-11D3-BF4B-00C04F79EFBC}") = "Leopard_Web_API", "Leopard_Web_API\Leopard_Web_API.csproj", "{B6D438FE-B632-421B-A896-7E81F22AEE5F}"
EndProject
Project("{FAE04EC0-301F-11D3-BF4B-00C04F79EFBC}") = "Repositories", "Repositories\Repositories.csproj", "{63D48456-FEE8-406B-95C3-B37F191FA4D7}"
EndProject
Project("{FAE04EC0-301F-11D3-BF4B-00C04F79EFBC}") = "Services", "Services\Services.csproj", "{FE4BB311-1038-41BD-BA77-16C5DCEB6BE6}"
EndProject
Global
	GlobalSection(SolutionConfigurationPlatforms) = preSolution
		Debug|Any CPU = Debug|Any CPU
		Release|Any CPU = Release|Any CPU
	EndGlobalSection
	GlobalSection(ProjectConfigurationPlatforms) = postSolution
		{B6D438FE-B632-421B-A896-7E81F22AEE5F}.Debug|Any CPU.ActiveCfg = Debug|Any CPU
		{B6D438FE-B632-421B-A896-7E81F22AEE5F}.Debug|Any CPU.Build.0 = Debug|Any CPU
		{B6D438FE-B632-421B-A896-7E81F22AEE5F}.Release|Any CPU.ActiveCfg = Release|Any CPU
		{B6D438FE-B632-421B-A896-7E81F22AEE5F}.Release|Any CPU.Build.0 = Release|Any CPU
		{63D48456-FEE8-406B-95C3-B37F191FA4D7}.Debug|Any CPU.ActiveCfg = Debug|Any CPU
		{63D48456-FEE8-406B-95C3-B37F191FA4D7}.Debug|Any CPU.Build.0 = Debug|Any CPU
		{63D48456-FEE8-406B-95C3-B37F191FA4D7}.Release|Any CPU.ActiveCfg = Release|Any CPU
		{63D48456-FEE8-406B-95C3-B37F191FA4D7}.Release|Any CPU.Build.0 = Release|Any CPU
		{FE4BB311-1038-41BD-BA77-16C5DCEB6BE6}.Debug|Any CPU.ActiveCfg = Debug|Any CPU
		{FE4BB311-1038-41BD-BA77-16C5DCEB6BE6}.Debug|Any CPU.Build.0 = Debug|Any CPU
		{FE4BB311-1038-41BD-BA77-16C5DCEB6BE6}.Release|Any CPU.ActiveCfg = Release|Any CPU
		{FE4BB311-1038-41BD-BA77-16C5DCEB6BE6}.Release|Any CPU.Build.0 = Release|Any CPU
	EndGlobalSection
	GlobalSection(SolutionProperties) = preSolution
		HideSolutionNode = FALSE
	EndGlobalSection
	GlobalSection(ExtensibilityGlobals) = postSolution
		SolutionGuid = {E8EF3F3F-B717-4620-BAB0-7DDA14D6E3B1}
	EndGlobalSection
EndGlobal
