
Microsoft Visual Studio Solution File, Format Version 12.00
# Visual Studio Version 17
VisualStudioVersion = 17.11.35303.130
MinimumVisualStudioVersion = 10.0.40219.1
Project("{FAE04EC0-301F-11D3-BF4B-00C04F79EFBC}") = "WebAPI", "PRN231_SU25_SE183954\WebAPI.csproj", "{8B9CE661-D73F-4A68-96D6-C8A26FBFABCC}"
EndProject
Project("{FAE04EC0-301F-11D3-BF4B-00C04F79EFBC}") = "Repository", "Repository\Repository.csproj", "{831D315D-55C5-400D-9DF9-404DA5D24639}"
EndProject
Project("{FAE04EC0-301F-11D3-BF4B-00C04F79EFBC}") = "Service", "Service\Service.csproj", "{8365703E-2F92-4A23-BB00-AED5EF93F302}"
EndProject
Global
	GlobalSection(SolutionConfigurationPlatforms) = preSolution
		Debug|Any CPU = Debug|Any CPU
		Release|Any CPU = Release|Any CPU
	EndGlobalSection
	GlobalSection(ProjectConfigurationPlatforms) = postSolution
		{8B9CE661-D73F-4A68-96D6-C8A26FBFABCC}.Debug|Any CPU.ActiveCfg = Debug|Any CPU
		{8B9CE661-D73F-4A68-96D6-C8A26FBFABCC}.Debug|Any CPU.Build.0 = Debug|Any CPU
		{8B9CE661-D73F-4A68-96D6-C8A26FBFABCC}.Release|Any CPU.ActiveCfg = Release|Any CPU
		{8B9CE661-D73F-4A68-96D6-C8A26FBFABCC}.Release|Any CPU.Build.0 = Release|Any CPU
		{831D315D-55C5-400D-9DF9-404DA5D24639}.Debug|Any CPU.ActiveCfg = Debug|Any CPU
		{831D315D-55C5-400D-9DF9-404DA5D24639}.Debug|Any CPU.Build.0 = Debug|Any CPU
		{831D315D-55C5-400D-9DF9-404DA5D24639}.Release|Any CPU.ActiveCfg = Release|Any CPU
		{831D315D-55C5-400D-9DF9-404DA5D24639}.Release|Any CPU.Build.0 = Release|Any CPU
		{8365703E-2F92-4A23-BB00-AED5EF93F302}.Debug|Any CPU.ActiveCfg = Debug|Any CPU
		{8365703E-2F92-4A23-BB00-AED5EF93F302}.Debug|Any CPU.Build.0 = Debug|Any CPU
		{8365703E-2F92-4A23-BB00-AED5EF93F302}.Release|Any CPU.ActiveCfg = Release|Any CPU
		{8365703E-2F92-4A23-BB00-AED5EF93F302}.Release|Any CPU.Build.0 = Release|Any CPU
	EndGlobalSection
	GlobalSection(SolutionProperties) = preSolution
		HideSolutionNode = FALSE
	EndGlobalSection
	GlobalSection(ExtensibilityGlobals) = postSolution
		SolutionGuid = {16EE956A-560F-4D36-A013-DDE2879E6E22}
	EndGlobalSection
EndGlobal
