
Microsoft Visual Studio Solution File, Format Version 12.00
# Visual Studio Version 17
VisualStudioVersion = 17.11.35222.181
MinimumVisualStudioVersion = 10.0.40219.1
Project("{FAE04EC0-301F-11D3-BF4B-00C04F79EFBC}") = "BLL", "BLL\BLL.csproj", "{2191907A-E4BF-4484-89EA-748578916E74}"
EndProject
Project("{FAE04EC0-301F-11D3-BF4B-00C04F79EFBC}") = "DAL", "DAL\DAL.csproj", "{3020A773-3623-4AE5-9902-5E859E63DC23}"
EndProject
Project("{FAE04EC0-301F-11D3-BF4B-00C04F79EFBC}") = "PRN231_SU25_SE180188.api", "WebAPI\PRN231_SU25_SE180188.api.csproj", "{D4AEC4DB-C0EB-F3CA-B5D0-FF47A77860F4}"
EndProject
Global
	GlobalSection(SolutionConfigurationPlatforms) = preSolution
		Debug|Any CPU = Debug|Any CPU
		Release|Any CPU = Release|Any CPU
	EndGlobalSection
	GlobalSection(ProjectConfigurationPlatforms) = postSolution
		{2191907A-E4BF-4484-89EA-748578916E74}.Debug|Any CPU.ActiveCfg = Debug|Any CPU
		{2191907A-E4BF-4484-89EA-748578916E74}.Debug|Any CPU.Build.0 = Debug|Any CPU
		{2191907A-E4BF-4484-89EA-748578916E74}.Release|Any CPU.ActiveCfg = Release|Any CPU
		{2191907A-E4BF-4484-89EA-748578916E74}.Release|Any CPU.Build.0 = Release|Any CPU
		{3020A773-3623-4AE5-9902-5E859E63DC23}.Debug|Any CPU.ActiveCfg = Debug|Any CPU
		{3020A773-3623-4AE5-9902-5E859E63DC23}.Debug|Any CPU.Build.0 = Debug|Any CPU
		{3020A773-3623-4AE5-9902-5E859E63DC23}.Release|Any CPU.ActiveCfg = Release|Any CPU
		{3020A773-3623-4AE5-9902-5E859E63DC23}.Release|Any CPU.Build.0 = Release|Any CPU
		{D4AEC4DB-C0EB-F3CA-B5D0-FF47A77860F4}.Debug|Any CPU.ActiveCfg = Debug|Any CPU
		{D4AEC4DB-C0EB-F3CA-B5D0-FF47A77860F4}.Debug|Any CPU.Build.0 = Debug|Any CPU
		{D4AEC4DB-C0EB-F3CA-B5D0-FF47A77860F4}.Release|Any CPU.ActiveCfg = Release|Any CPU
		{D4AEC4DB-C0EB-F3CA-B5D0-FF47A77860F4}.Release|Any CPU.Build.0 = Release|Any CPU
	EndGlobalSection
	GlobalSection(SolutionProperties) = preSolution
		HideSolutionNode = FALSE
	EndGlobalSection
	GlobalSection(ExtensibilityGlobals) = postSolution
		SolutionGuid = {8CDDE75B-7CF9-4DD3-A49D-BCA9790E252F}
	EndGlobalSection
EndGlobal
