
Microsoft Visual Studio Solution File, Format Version 12.00
# Visual Studio Version 17
VisualStudioVersion = 17.13.35913.81
MinimumVisualStudioVersion = 10.0.40219.1
Project("{FAE04EC0-301F-11D3-BF4B-00C04F79EFBC}") = "PRN232_SU25_SE183936.api", "PRN232_SU25_SE183936.api\PRN232_SU25_SE183936.api.csproj", "{0CA093D3-A515-46B6-B9BD-899F0367B91D}"
EndProject
Project("{FAE04EC0-301F-11D3-BF4B-00C04F79EFBC}") = "Business", "Business\Business.csproj", "{4791504C-CAAA-4CBD-9D1F-1215FF1B7737}"
EndProject
Project("{FAE04EC0-301F-11D3-BF4B-00C04F79EFBC}") = "DataAccess", "DataAccess\DataAccess.csproj", "{1CBBA844-5FE8-4C4C-ACF5-B1735FA1CEBB}"
EndProject
Global
	GlobalSection(SolutionConfigurationPlatforms) = preSolution
		Debug|Any CPU = Debug|Any CPU
		Release|Any CPU = Release|Any CPU
	EndGlobalSection
	GlobalSection(ProjectConfigurationPlatforms) = postSolution
		{0CA093D3-A515-46B6-B9BD-899F0367B91D}.Debug|Any CPU.ActiveCfg = Debug|Any CPU
		{0CA093D3-A515-46B6-B9BD-899F0367B91D}.Debug|Any CPU.Build.0 = Debug|Any CPU
		{0CA093D3-A515-46B6-B9BD-899F0367B91D}.Release|Any CPU.ActiveCfg = Release|Any CPU
		{0CA093D3-A515-46B6-B9BD-899F0367B91D}.Release|Any CPU.Build.0 = Release|Any CPU
		{4791504C-CAAA-4CBD-9D1F-1215FF1B7737}.Debug|Any CPU.ActiveCfg = Debug|Any CPU
		{4791504C-CAAA-4CBD-9D1F-1215FF1B7737}.Debug|Any CPU.Build.0 = Debug|Any CPU
		{4791504C-CAAA-4CBD-9D1F-1215FF1B7737}.Release|Any CPU.ActiveCfg = Release|Any CPU
		{4791504C-CAAA-4CBD-9D1F-1215FF1B7737}.Release|Any CPU.Build.0 = Release|Any CPU
		{1CBBA844-5FE8-4C4C-ACF5-B1735FA1CEBB}.Debug|Any CPU.ActiveCfg = Debug|Any CPU
		{1CBBA844-5FE8-4C4C-ACF5-B1735FA1CEBB}.Debug|Any CPU.Build.0 = Debug|Any CPU
		{1CBBA844-5FE8-4C4C-ACF5-B1735FA1CEBB}.Release|Any CPU.ActiveCfg = Release|Any CPU
		{1CBBA844-5FE8-4C4C-ACF5-B1735FA1CEBB}.Release|Any CPU.Build.0 = Release|Any CPU
	EndGlobalSection
	GlobalSection(SolutionProperties) = preSolution
		HideSolutionNode = FALSE
	EndGlobalSection
	GlobalSection(ExtensibilityGlobals) = postSolution
		SolutionGuid = {3D650AF6-318B-4A89-BA47-5F7498041F4C}
	EndGlobalSection
EndGlobal
