
Microsoft Visual Studio Solution File, Format Version 12.00
# Visual Studio Version 17
VisualStudioVersion = 17.14.36301.6 d17.14
MinimumVisualStudioVersion = 10.0.40219.1
Project("{FAE04EC0-301F-11D3-BF4B-00C04F79EFBC}") = "PRN231_SU25_SE161136", "PRN231_SU25_SE161136.csproj", "{BC7208E5-6ADB-45BE-9784-09CD0706D63E}"
EndProject
Project("{FAE04EC0-301F-11D3-BF4B-00C04F79EFBC}") = "BusinessLogic", "..\ClassLibrary1\BusinessLogic.csproj", "{C6C18E10-8915-4725-A2E9-CF6399ACCE50}"
EndProject
Project("{FAE04EC0-301F-11D3-BF4B-00C04F79EFBC}") = "Data", "..\Data\Data.csproj", "{99134694-1F57-4614-80BB-6D2161C38DFA}"
EndProject
Global
	GlobalSection(SolutionConfigurationPlatforms) = preSolution
		Debug|Any CPU = Debug|Any CPU
		Release|Any CPU = Release|Any CPU
	EndGlobalSection
	GlobalSection(ProjectConfigurationPlatforms) = postSolution
		{BC7208E5-6ADB-45BE-9784-09CD0706D63E}.Debug|Any CPU.ActiveCfg = Debug|Any CPU
		{BC7208E5-6ADB-45BE-9784-09CD0706D63E}.Debug|Any CPU.Build.0 = Debug|Any CPU
		{BC7208E5-6ADB-45BE-9784-09CD0706D63E}.Release|Any CPU.ActiveCfg = Release|Any CPU
		{BC7208E5-6ADB-45BE-9784-09CD0706D63E}.Release|Any CPU.Build.0 = Release|Any CPU
		{C6C18E10-8915-4725-A2E9-CF6399ACCE50}.Debug|Any CPU.ActiveCfg = Debug|Any CPU
		{C6C18E10-8915-4725-A2E9-CF6399ACCE50}.Debug|Any CPU.Build.0 = Debug|Any CPU
		{C6C18E10-8915-4725-A2E9-CF6399ACCE50}.Release|Any CPU.ActiveCfg = Release|Any CPU
		{C6C18E10-8915-4725-A2E9-CF6399ACCE50}.Release|Any CPU.Build.0 = Release|Any CPU
		{99134694-1F57-4614-80BB-6D2161C38DFA}.Debug|Any CPU.ActiveCfg = Debug|Any CPU
		{99134694-1F57-4614-80BB-6D2161C38DFA}.Debug|Any CPU.Build.0 = Debug|Any CPU
		{99134694-1F57-4614-80BB-6D2161C38DFA}.Release|Any CPU.ActiveCfg = Release|Any CPU
		{99134694-1F57-4614-80BB-6D2161C38DFA}.Release|Any CPU.Build.0 = Release|Any CPU
	EndGlobalSection
	GlobalSection(SolutionProperties) = preSolution
		HideSolutionNode = FALSE
	EndGlobalSection
	GlobalSection(ExtensibilityGlobals) = postSolution
		SolutionGuid = {FC1F4DAB-D33F-4634-A232-8463CAA3A918}
	EndGlobalSection
EndGlobal
