
Microsoft Visual Studio Solution File, Format Version 12.00
# Visual Studio Version 17
VisualStudioVersion = 17.14.36310.24 d17.14
MinimumVisualStudioVersion = 10.0.40219.1
Project("{FAE04EC0-301F-11D3-BF4B-00C04F79EFBC}") = "Repositories", "Repositories\Repositories.csproj", "{45AF3269-C3F5-418F-93AA-83419160A0D6}"
EndProject
Project("{FAE04EC0-301F-11D3-BF4B-00C04F79EFBC}") = "Services", "Services\Services.csproj", "{B130BC6A-27FB-4F70-B7EC-63C21854A6D8}"
EndProject
Project("{FAE04EC0-301F-11D3-BF4B-00C04F79EFBC}") = "API", "API\API.csproj", "{4E5247E0-BBBC-4268-9A75-BEDA28F570BA}"
EndProject
Global
	GlobalSection(SolutionConfigurationPlatforms) = preSolution
		Debug|Any CPU = Debug|Any CPU
		Release|Any CPU = Release|Any CPU
	EndGlobalSection
	GlobalSection(ProjectConfigurationPlatforms) = postSolution
		{45AF3269-C3F5-418F-93AA-83419160A0D6}.Debug|Any CPU.ActiveCfg = Debug|Any CPU
		{45AF3269-C3F5-418F-93AA-83419160A0D6}.Debug|Any CPU.Build.0 = Debug|Any CPU
		{45AF3269-C3F5-418F-93AA-83419160A0D6}.Release|Any CPU.ActiveCfg = Release|Any CPU
		{45AF3269-C3F5-418F-93AA-83419160A0D6}.Release|Any CPU.Build.0 = Release|Any CPU
		{B130BC6A-27FB-4F70-B7EC-63C21854A6D8}.Debug|Any CPU.ActiveCfg = Debug|Any CPU
		{B130BC6A-27FB-4F70-B7EC-63C21854A6D8}.Debug|Any CPU.Build.0 = Debug|Any CPU
		{B130BC6A-27FB-4F70-B7EC-63C21854A6D8}.Release|Any CPU.ActiveCfg = Release|Any CPU
		{B130BC6A-27FB-4F70-B7EC-63C21854A6D8}.Release|Any CPU.Build.0 = Release|Any CPU
		{4E5247E0-BBBC-4268-9A75-BEDA28F570BA}.Debug|Any CPU.ActiveCfg = Debug|Any CPU
		{4E5247E0-BBBC-4268-9A75-BEDA28F570BA}.Debug|Any CPU.Build.0 = Debug|Any CPU
		{4E5247E0-BBBC-4268-9A75-BEDA28F570BA}.Release|Any CPU.ActiveCfg = Release|Any CPU
		{4E5247E0-BBBC-4268-9A75-BEDA28F570BA}.Release|Any CPU.Build.0 = Release|Any CPU
	EndGlobalSection
	GlobalSection(SolutionProperties) = preSolution
		HideSolutionNode = FALSE
	EndGlobalSection
	GlobalSection(ExtensibilityGlobals) = postSolution
		SolutionGuid = {1A47A40B-208F-409C-BF0C-E81BD580BB2F}
	EndGlobalSection
EndGlobal
