
Microsoft Visual Studio Solution File, Format Version 12.00
# Visual Studio Version 17
VisualStudioVersion = 17.9.34728.123
MinimumVisualStudioVersion = 10.0.40219.1
Project("{9A19103F-16F7-4668-BE54-9A1E7A4F7556}") = "Repository", "Repository\Repository.csproj", "{E3122BD1-21B1-4F9E-A10D-D83CF541DD3E}"
EndProject
Project("{9A19103F-16F7-4668-BE54-9A1E7A4F7556}") = "Service", "Service\Service.csproj", "{96C318C2-D288-40B4-811B-3598892DBA74}"
EndProject
Project("{9A19103F-16F7-4668-BE54-9A1E7A4F7556}") = "PRN232_SU25_SE184691.api", "PRN232_SU25_SE184691.api\PRN232_SU25_SE184691.api.csproj", "{531F63AF-DF57-49E0-93F5-68D239BD7D23}"
EndProject
Global
	GlobalSection(SolutionConfigurationPlatforms) = preSolution
		Debug|Any CPU = Debug|Any CPU
		Release|Any CPU = Release|Any CPU
	EndGlobalSection
	GlobalSection(ProjectConfigurationPlatforms) = postSolution
		{E3122BD1-21B1-4F9E-A10D-D83CF541DD3E}.Debug|Any CPU.ActiveCfg = Debug|Any CPU
		{E3122BD1-21B1-4F9E-A10D-D83CF541DD3E}.Debug|Any CPU.Build.0 = Debug|Any CPU
		{E3122BD1-21B1-4F9E-A10D-D83CF541DD3E}.Release|Any CPU.ActiveCfg = Release|Any CPU
		{E3122BD1-21B1-4F9E-A10D-D83CF541DD3E}.Release|Any CPU.Build.0 = Release|Any CPU
		{96C318C2-D288-40B4-811B-3598892DBA74}.Debug|Any CPU.ActiveCfg = Debug|Any CPU
		{96C318C2-D288-40B4-811B-3598892DBA74}.Debug|Any CPU.Build.0 = Debug|Any CPU
		{96C318C2-D288-40B4-811B-3598892DBA74}.Release|Any CPU.ActiveCfg = Release|Any CPU
		{96C318C2-D288-40B4-811B-3598892DBA74}.Release|Any CPU.Build.0 = Release|Any CPU
		{531F63AF-DF57-49E0-93F5-68D239BD7D23}.Debug|Any CPU.ActiveCfg = Debug|Any CPU
		{531F63AF-DF57-49E0-93F5-68D239BD7D23}.Debug|Any CPU.Build.0 = Debug|Any CPU
		{531F63AF-DF57-49E0-93F5-68D239BD7D23}.Release|Any CPU.ActiveCfg = Release|Any CPU
		{531F63AF-DF57-49E0-93F5-68D239BD7D23}.Release|Any CPU.Build.0 = Release|Any CPU
	EndGlobalSection
	GlobalSection(SolutionProperties) = preSolution
		HideSolutionNode = FALSE
	EndGlobalSection
	GlobalSection(ExtensibilityGlobals) = postSolution
		SolutionGuid = {D4CD136E-F40C-4D32-BCEB-1BC27BA4FC20}
	EndGlobalSection
EndGlobal
